// !$*UTF8*$!
{
	archiveVersion = 1;
	classes = {
	};
	objectVersion = 55;
	objects = {

/* Begin PBXBuildFile section */
		0791551528650E9A00C9AAAB /* StringExtensionsTest.swift in Sources */ = {isa = PBXBuildFile; fileRef = 0791551428650E9A00C9AAAB /* StringExtensionsTest.swift */; };
		0B380A82286BC62D00463422 /* Mirror+Extension.swift in Sources */ = {isa = PBXBuildFile; fileRef = 0B380A81286BC62D00463422 /* Mirror+Extension.swift */; };
		0BA7D87E286D01FC00906C8C /* URL+Extension.swift in Sources */ = {isa = PBXBuildFile; fileRef = 0BA7D87A286D01FC00906C8C /* URL+Extension.swift */; };
		0BA7D87F286D01FC00906C8C /* Fixtures.swift in Sources */ = {isa = PBXBuildFile; fileRef = 0BA7D87B286D01FC00906C8C /* Fixtures.swift */; };
		0BA7D880286D01FC00906C8C /* DemoUseCaseFactoryTests.swift in Sources */ = {isa = PBXBuildFile; fileRef = 0BA7D87D286D01FC00906C8C /* DemoUseCaseFactoryTests.swift */; };
		0BA7D883286D032100906C8C /* MockURLSession.swift in Sources */ = {isa = PBXBuildFile; fileRef = 0BA7D881286D032100906C8C /* MockURLSession.swift */; };
		0BA7D884286D032100906C8C /* NetworkClientTests.swift in Sources */ = {isa = PBXBuildFile; fileRef = 0BA7D882286D032100906C8C /* NetworkClientTests.swift */; };
		0BFBB3822865E371001095E6 /* NetworkClientSpy.swift in Sources */ = {isa = PBXBuildFile; fileRef = 0BFBB3812865E371001095E6 /* NetworkClientSpy.swift */; };
		27BC699B2861EB0900CFA1EC /* AccountTest.swift in Sources */ = {isa = PBXBuildFile; fileRef = 27BC699A2861EB0900CFA1EC /* AccountTest.swift */; };
		98426FAA27A6EC8700B09645 /* TabBarController.swift in Sources */ = {isa = PBXBuildFile; fileRef = 98426FA927A6EC8700B09645 /* TabBarController.swift */; };
		98426FAC27A6FC8000B09645 /* UserProfileHeaderView.swift in Sources */ = {isa = PBXBuildFile; fileRef = 98426FAB27A6FC8000B09645 /* UserProfileHeaderView.swift */; };
		98584A6D277E32C30028DBEA /* AppDelegate.swift in Sources */ = {isa = PBXBuildFile; fileRef = 98584A6C277E32C30028DBEA /* AppDelegate.swift */; };
		98584A6F277E32C30028DBEA /* SceneDelegate.swift in Sources */ = {isa = PBXBuildFile; fileRef = 98584A6E277E32C30028DBEA /* SceneDelegate.swift */; };
		98584A76277E32C50028DBEA /* Assets.xcassets in Resources */ = {isa = PBXBuildFile; fileRef = 98584A75277E32C50028DBEA /* Assets.xcassets */; };
		98584A79277E32C50028DBEA /* LaunchScreen.storyboard in Resources */ = {isa = PBXBuildFile; fileRef = 98584A77277E32C50028DBEA /* LaunchScreen.storyboard */; };
		98584A8E277E32C60028DBEA /* FinanceAppUITests.swift in Sources */ = {isa = PBXBuildFile; fileRef = 98584A8D277E32C60028DBEA /* FinanceAppUITests.swift */; };
		98584A90277E32C60028DBEA /* FinanceAppUITestsLaunchTests.swift in Sources */ = {isa = PBXBuildFile; fileRef = 98584A8F277E32C60028DBEA /* FinanceAppUITestsLaunchTests.swift */; };
		98584AA5277E35E90028DBEA /* HomeViewController.swift in Sources */ = {isa = PBXBuildFile; fileRef = 98584AA4277E35E90028DBEA /* HomeViewController.swift */; };
		98584AA7277E35F10028DBEA /* HomeView.swift in Sources */ = {isa = PBXBuildFile; fileRef = 98584AA6277E35F10028DBEA /* HomeView.swift */; };
		98584AC3277E42E80028DBEA /* FinanceService.swift in Sources */ = {isa = PBXBuildFile; fileRef = 98584AC2277E42E80028DBEA /* FinanceService.swift */; };
		98584AE7277E50430028DBEA /* TransfersView.swift in Sources */ = {isa = PBXBuildFile; fileRef = 98584AD3277E50430028DBEA /* TransfersView.swift */; };
		98584AE8277E50430028DBEA /* TransfersViewController.swift in Sources */ = {isa = PBXBuildFile; fileRef = 98584AD4277E50430028DBEA /* TransfersViewController.swift */; };
		98584AED277E50430028DBEA /* UserProfileView.swift in Sources */ = {isa = PBXBuildFile; fileRef = 98584ADA277E50430028DBEA /* UserProfileView.swift */; };
		98584AEE277E50430028DBEA /* UserProfileViewController.swift in Sources */ = {isa = PBXBuildFile; fileRef = 98584ADB277E50430028DBEA /* UserProfileViewController.swift */; };
		98584AF3277E50430028DBEA /* ConfirmationView.swift in Sources */ = {isa = PBXBuildFile; fileRef = 98584AE1277E50430028DBEA /* ConfirmationView.swift */; };
		98584AF4277E50430028DBEA /* ConfirmationViewController.swift in Sources */ = {isa = PBXBuildFile; fileRef = 98584AE2277E50430028DBEA /* ConfirmationViewController.swift */; };
		98584AFA277E51850028DBEA /* HomeHeaderView.swift in Sources */ = {isa = PBXBuildFile; fileRef = 98584AF9277E51850028DBEA /* HomeHeaderView.swift */; };
		98584AFC277E51960028DBEA /* ActivityCellView.swift in Sources */ = {isa = PBXBuildFile; fileRef = 98584AFB277E51960028DBEA /* ActivityCellView.swift */; };
		98584AFE277E51A70028DBEA /* ActivityListView.swift in Sources */ = {isa = PBXBuildFile; fileRef = 98584AFD277E51A70028DBEA /* ActivityListView.swift */; };
		98584B04277E51DA0028DBEA /* ContactCellView.swift in Sources */ = {isa = PBXBuildFile; fileRef = 98584B03277E51DA0028DBEA /* ContactCellView.swift */; };
		98584B10277E605F0028DBEA /* ActivityDetailsViewController.swift in Sources */ = {isa = PBXBuildFile; fileRef = 98584B0A277E605F0028DBEA /* ActivityDetailsViewController.swift */; };
		98584B14277E605F0028DBEA /* ActivityDetailsView.swift in Sources */ = {isa = PBXBuildFile; fileRef = 98584B0E277E605F0028DBEA /* ActivityDetailsView.swift */; };
		98584B1F277E60740028DBEA /* ContactListView.swift in Sources */ = {isa = PBXBuildFile; fileRef = 98584B19277E60740028DBEA /* ContactListView.swift */; };
		98584B20277E60740028DBEA /* ContactListViewController.swift in Sources */ = {isa = PBXBuildFile; fileRef = 98584B1A277E60740028DBEA /* ContactListViewController.swift */; };
		9882465427D01210001DD0C5 /* String+Extensions.swift in Sources */ = {isa = PBXBuildFile; fileRef = 9882465327D01210001DD0C5 /* String+Extensions.swift */; };
		9882465627D0121F001DD0C5 /* UITableViewCell+Extensions.swift in Sources */ = {isa = PBXBuildFile; fileRef = 9882465527D0121F001DD0C5 /* UITableViewCell+Extensions.swift */; };
		9882465827D013A3001DD0C5 /* HomeData.swift in Sources */ = {isa = PBXBuildFile; fileRef = 9882465727D013A3001DD0C5 /* HomeData.swift */; };
		9882465A27D013B4001DD0C5 /* ActivityDetails.swift in Sources */ = {isa = PBXBuildFile; fileRef = 9882465927D013B4001DD0C5 /* ActivityDetails.swift */; };
		9882465C27D013C1001DD0C5 /* Contact.swift in Sources */ = {isa = PBXBuildFile; fileRef = 9882465B27D013C1001DD0C5 /* Contact.swift */; };
		9882465E27D013D2001DD0C5 /* TransferResult.swift in Sources */ = {isa = PBXBuildFile; fileRef = 9882465D27D013D2001DD0C5 /* TransferResult.swift */; };
		9882466027D013E1001DD0C5 /* UserProfile.swift in Sources */ = {isa = PBXBuildFile; fileRef = 9882465F27D013E1001DD0C5 /* UserProfile.swift */; };
		9882466227D016F8001DD0C5 /* NetworkClient.swift in Sources */ = {isa = PBXBuildFile; fileRef = 9882466127D016F8001DD0C5 /* NetworkClient.swift */; };
		9882466627D13AC0001DD0C5 /* HomeViewModel.swift in Sources */ = {isa = PBXBuildFile; fileRef = 9882466527D13AC0001DD0C5 /* HomeViewModel.swift */; };
		9882466927D13DE2001DD0C5 /* ActivityDetailsViewModel.swift in Sources */ = {isa = PBXBuildFile; fileRef = 9882466827D13DE2001DD0C5 /* ActivityDetailsViewModel.swift */; };
		98E0E87828299D7E00560502 /* GitHubAPI.swift in Sources */ = {isa = PBXBuildFile; fileRef = 98E0E87728299D7E00560502 /* GitHubAPI.swift */; };
		98E0E87B28299EB400560502 /* RepositoryListViewController.swift in Sources */ = {isa = PBXBuildFile; fileRef = 98E0E87A28299EB400560502 /* RepositoryListViewController.swift */; };
		C54A20D3286A5B8D00C49179 /* TransferAmountTests.swift in Sources */ = {isa = PBXBuildFile; fileRef = C54A20D2286A5B8D00C49179 /* TransferAmountTests.swift */; };
		C5F76C7B286E59190002BE0F /* AnySdkSpy.swift in Sources */ = {isa = PBXBuildFile; fileRef = C5F76C79286E59190002BE0F /* AnySdkSpy.swift */; };
		C5F76C7C286E59190002BE0F /* AnySDKSecondImplTests.swift in Sources */ = {isa = PBXBuildFile; fileRef = C5F76C7A286E59190002BE0F /* AnySDKSecondImplTests.swift */; };
		D49048F82864077F0054BF5D /* UITableViewCell+Extensions.swift in Sources */ = {isa = PBXBuildFile; fileRef = D49048F72864077F0054BF5D /* UITableViewCell+Extensions.swift */; };
		FC08DB6B2867B97600E7E235 /* HomeData+Fixture.swift in Sources */ = {isa = PBXBuildFile; fileRef = FC08DB6A2867B97600E7E235 /* HomeData+Fixture.swift */; };
		FC08DB712867C9C500E7E235 /* ActivityDetails+Fixture.swift in Sources */ = {isa = PBXBuildFile; fileRef = FC08DB702867C9C500E7E235 /* ActivityDetails+Fixture.swift */; };
		FC08DB742867CB4C00E7E235 /* ActivityDetailsViewModelTests.swift in Sources */ = {isa = PBXBuildFile; fileRef = FC08DB732867CB4C00E7E235 /* ActivityDetailsViewModelTests.swift */; };
		FC2D46CE286BA8AE00B424F0 /* UIViewController+ExtensionsTests.swift in Sources */ = {isa = PBXBuildFile; fileRef = FC2D46CD286BA8AE00B424F0 /* UIViewController+ExtensionsTests.swift */; };
		FC2FF7922862035A00593D93 /* FinanceServiceTest.swift in Sources */ = {isa = PBXBuildFile; fileRef = FC2FF7912862035A00593D93 /* FinanceServiceTest.swift */; };
		FC2FF7A72864A41900593D93 /* Contact+Fixtures.swift in Sources */ = {isa = PBXBuildFile; fileRef = FC2FF7A62864A41900593D93 /* Contact+Fixtures.swift */; };
		FC2FF7A92864B1D200593D93 /* DispatchQueue+Extensions.swift in Sources */ = {isa = PBXBuildFile; fileRef = FC2FF7A82864B1D200593D93 /* DispatchQueue+Extensions.swift */; };
		FC3DF5562866612B00B15B9F /* HomeViewModelTests.swift in Sources */ = {isa = PBXBuildFile; fileRef = FC3DF5552866612B00B15B9F /* HomeViewModelTests.swift */; };
		FCB3785E286D14E10044B4A3 /* FinanceServiceActivityDetailsSpy.swift in Sources */ = {isa = PBXBuildFile; fileRef = FC08DB6E2867C79D00E7E235 /* FinanceServiceActivityDetailsSpy.swift */; };
		FCB3785F286D14E10044B4A3 /* ActivityDetailsViewModelDelegateSpy.swift in Sources */ = {isa = PBXBuildFile; fileRef = FC08DB772867DBB000E7E235 /* ActivityDetailsViewModelDelegateSpy.swift */; };
		FCB37860286D14F10044B4A3 /* FinanceServiceHomeSpy.swift in Sources */ = {isa = PBXBuildFile; fileRef = FC08DB6C2867BCF500E7E235 /* FinanceServiceHomeSpy.swift */; };
		FCB37861286D14F10044B4A3 /* HomeViewModelDelegateSpy.swift in Sources */ = {isa = PBXBuildFile; fileRef = FC08DB792867DBC500E7E235 /* HomeViewModelDelegateSpy.swift */; };
		FCB37864286D17F20044B4A3 /* UIViewController+Extensions.swift in Sources */ = {isa = PBXBuildFile; fileRef = 9882466327D01E57001DD0C5 /* UIViewController+Extensions.swift */; };
		FCB37865286D18530044B4A3 /* DispatchQueueSpy.swift in Sources */ = {isa = PBXBuildFile; fileRef = FC2FF7A12863B9EB00593D93 /* DispatchQueueSpy.swift */; };
		FD2FA767286E3CDA00A0DCED /* TransfersViewControllerTests.swift in Sources */ = {isa = PBXBuildFile; fileRef = FD2FA766286E3CDA00A0DCED /* TransfersViewControllerTests.swift */; };
		FD6D81D728678E8C00503489 /* GetDefaultProfileUseCase.swift in Sources */ = {isa = PBXBuildFile; fileRef = FD6D81D628678E8C00503489 /* GetDefaultProfileUseCase.swift */; };
		FD6D81DA28678EF700503489 /* RemoteConfigProvider.swift in Sources */ = {isa = PBXBuildFile; fileRef = FD6D81D928678EF700503489 /* RemoteConfigProvider.swift */; };
		FD6D81DC2867936800503489 /* GetRandomNumberUseCase.swift in Sources */ = {isa = PBXBuildFile; fileRef = FD6D81DB2867936800503489 /* GetRandomNumberUseCase.swift */; };
		FD6D81E1286797D700503489 /* RemoteConfigProviderSpy.swift in Sources */ = {isa = PBXBuildFile; fileRef = FD6D81E0286797D700503489 /* RemoteConfigProviderSpy.swift */; };
		FD6D81E52867997F00503489 /* AnySDK.swift in Sources */ = {isa = PBXBuildFile; fileRef = FD6D81E42867997F00503489 /* AnySDK.swift */; };
		FD6D81E72867E1C500503489 /* AnySDKFirstImpl.swift in Sources */ = {isa = PBXBuildFile; fileRef = FD6D81E62867E1C500503489 /* AnySDKFirstImpl.swift */; };
		FD6D81E92867EB7900503489 /* AnySDKSecondImpl.swift in Sources */ = {isa = PBXBuildFile; fileRef = FD6D81E82867EB7900503489 /* AnySDKSecondImpl.swift */; };
		FD6D81EB2867EB8100503489 /* AnySDKThirdImpl.swift in Sources */ = {isa = PBXBuildFile; fileRef = FD6D81EA2867EB8100503489 /* AnySDKThirdImpl.swift */; };
		FD6D81F02867EC7D00503489 /* DemoUseCase.swift in Sources */ = {isa = PBXBuildFile; fileRef = FD6D81EF2867EC7D00503489 /* DemoUseCase.swift */; };
		FD6D81F22867ED5E00503489 /* DemoUseCaseFactory.swift in Sources */ = {isa = PBXBuildFile; fileRef = FD6D81F12867ED5E00503489 /* DemoUseCaseFactory.swift */; };
/* End PBXBuildFile section */

/* Begin PBXContainerItemProxy section */
		98584A80277E32C60028DBEA /* PBXContainerItemProxy */ = {
			isa = PBXContainerItemProxy;
			containerPortal = 98584A61277E32C30028DBEA /* Project object */;
			proxyType = 1;
			remoteGlobalIDString = 98584A68277E32C30028DBEA;
			remoteInfo = FinanceApp;
		};
		98584A8A277E32C60028DBEA /* PBXContainerItemProxy */ = {
			isa = PBXContainerItemProxy;
			containerPortal = 98584A61277E32C30028DBEA /* Project object */;
			proxyType = 1;
			remoteGlobalIDString = 98584A68277E32C30028DBEA;
			remoteInfo = FinanceApp;
		};
/* End PBXContainerItemProxy section */

/* Begin PBXFileReference section */
		0791551428650E9A00C9AAAB /* StringExtensionsTest.swift */ = {isa = PBXFileReference; lastKnownFileType = sourcecode.swift; path = StringExtensionsTest.swift; sourceTree = "<group>"; };
		0B380A81286BC62D00463422 /* Mirror+Extension.swift */ = {isa = PBXFileReference; lastKnownFileType = sourcecode.swift; path = "Mirror+Extension.swift"; sourceTree = "<group>"; };
		0BA7D87A286D01FC00906C8C /* URL+Extension.swift */ = {isa = PBXFileReference; fileEncoding = 4; lastKnownFileType = sourcecode.swift; path = "URL+Extension.swift"; sourceTree = "<group>"; };
		0BA7D87B286D01FC00906C8C /* Fixtures.swift */ = {isa = PBXFileReference; fileEncoding = 4; lastKnownFileType = sourcecode.swift; path = Fixtures.swift; sourceTree = "<group>"; };
		0BA7D87D286D01FC00906C8C /* DemoUseCaseFactoryTests.swift */ = {isa = PBXFileReference; fileEncoding = 4; lastKnownFileType = sourcecode.swift; path = DemoUseCaseFactoryTests.swift; sourceTree = "<group>"; };
		0BA7D881286D032100906C8C /* MockURLSession.swift */ = {isa = PBXFileReference; fileEncoding = 4; lastKnownFileType = sourcecode.swift; path = MockURLSession.swift; sourceTree = "<group>"; };
		0BA7D882286D032100906C8C /* NetworkClientTests.swift */ = {isa = PBXFileReference; fileEncoding = 4; lastKnownFileType = sourcecode.swift; path = NetworkClientTests.swift; sourceTree = "<group>"; };
		0BFBB3812865E371001095E6 /* NetworkClientSpy.swift */ = {isa = PBXFileReference; lastKnownFileType = sourcecode.swift; path = NetworkClientSpy.swift; sourceTree = "<group>"; };
		27BC699A2861EB0900CFA1EC /* AccountTest.swift */ = {isa = PBXFileReference; lastKnownFileType = sourcecode.swift; path = AccountTest.swift; sourceTree = "<group>"; };
		98426FA927A6EC8700B09645 /* TabBarController.swift */ = {isa = PBXFileReference; lastKnownFileType = sourcecode.swift; path = TabBarController.swift; sourceTree = "<group>"; };
		98426FAB27A6FC8000B09645 /* UserProfileHeaderView.swift */ = {isa = PBXFileReference; lastKnownFileType = sourcecode.swift; path = UserProfileHeaderView.swift; sourceTree = "<group>"; };
		98584A69277E32C30028DBEA /* FinanceApp.app */ = {isa = PBXFileReference; explicitFileType = wrapper.application; includeInIndex = 0; path = FinanceApp.app; sourceTree = BUILT_PRODUCTS_DIR; };
		98584A6C277E32C30028DBEA /* AppDelegate.swift */ = {isa = PBXFileReference; lastKnownFileType = sourcecode.swift; path = AppDelegate.swift; sourceTree = "<group>"; };
		98584A6E277E32C30028DBEA /* SceneDelegate.swift */ = {isa = PBXFileReference; lastKnownFileType = sourcecode.swift; path = SceneDelegate.swift; sourceTree = "<group>"; };
		98584A75277E32C50028DBEA /* Assets.xcassets */ = {isa = PBXFileReference; lastKnownFileType = folder.assetcatalog; path = Assets.xcassets; sourceTree = "<group>"; };
		98584A78277E32C50028DBEA /* Base */ = {isa = PBXFileReference; lastKnownFileType = file.storyboard; name = Base; path = Base.lproj/LaunchScreen.storyboard; sourceTree = "<group>"; };
		98584A7A277E32C50028DBEA /* Info.plist */ = {isa = PBXFileReference; lastKnownFileType = text.plist.xml; path = Info.plist; sourceTree = "<group>"; };
		98584A7F277E32C60028DBEA /* FinanceAppTests.xctest */ = {isa = PBXFileReference; explicitFileType = wrapper.cfbundle; includeInIndex = 0; path = FinanceAppTests.xctest; sourceTree = BUILT_PRODUCTS_DIR; };
		98584A89277E32C60028DBEA /* FinanceAppUITests.xctest */ = {isa = PBXFileReference; explicitFileType = wrapper.cfbundle; includeInIndex = 0; path = FinanceAppUITests.xctest; sourceTree = BUILT_PRODUCTS_DIR; };
		98584A8D277E32C60028DBEA /* FinanceAppUITests.swift */ = {isa = PBXFileReference; lastKnownFileType = sourcecode.swift; path = FinanceAppUITests.swift; sourceTree = "<group>"; };
		98584A8F277E32C60028DBEA /* FinanceAppUITestsLaunchTests.swift */ = {isa = PBXFileReference; lastKnownFileType = sourcecode.swift; path = FinanceAppUITestsLaunchTests.swift; sourceTree = "<group>"; };
		98584AA4277E35E90028DBEA /* HomeViewController.swift */ = {isa = PBXFileReference; lastKnownFileType = sourcecode.swift; path = HomeViewController.swift; sourceTree = "<group>"; };
		98584AA6277E35F10028DBEA /* HomeView.swift */ = {isa = PBXFileReference; lastKnownFileType = sourcecode.swift; path = HomeView.swift; sourceTree = "<group>"; };
		98584AC2277E42E80028DBEA /* FinanceService.swift */ = {isa = PBXFileReference; lastKnownFileType = sourcecode.swift; path = FinanceService.swift; sourceTree = "<group>"; };
		98584AD3277E50430028DBEA /* TransfersView.swift */ = {isa = PBXFileReference; fileEncoding = 4; lastKnownFileType = sourcecode.swift; path = TransfersView.swift; sourceTree = "<group>"; };
		98584AD4277E50430028DBEA /* TransfersViewController.swift */ = {isa = PBXFileReference; fileEncoding = 4; lastKnownFileType = sourcecode.swift; path = TransfersViewController.swift; sourceTree = "<group>"; };
		98584ADA277E50430028DBEA /* UserProfileView.swift */ = {isa = PBXFileReference; fileEncoding = 4; lastKnownFileType = sourcecode.swift; path = UserProfileView.swift; sourceTree = "<group>"; };
		98584ADB277E50430028DBEA /* UserProfileViewController.swift */ = {isa = PBXFileReference; fileEncoding = 4; lastKnownFileType = sourcecode.swift; path = UserProfileViewController.swift; sourceTree = "<group>"; };
		98584AE1277E50430028DBEA /* ConfirmationView.swift */ = {isa = PBXFileReference; fileEncoding = 4; lastKnownFileType = sourcecode.swift; path = ConfirmationView.swift; sourceTree = "<group>"; };
		98584AE2277E50430028DBEA /* ConfirmationViewController.swift */ = {isa = PBXFileReference; fileEncoding = 4; lastKnownFileType = sourcecode.swift; path = ConfirmationViewController.swift; sourceTree = "<group>"; };
		98584AF9277E51850028DBEA /* HomeHeaderView.swift */ = {isa = PBXFileReference; lastKnownFileType = sourcecode.swift; path = HomeHeaderView.swift; sourceTree = "<group>"; };
		98584AFB277E51960028DBEA /* ActivityCellView.swift */ = {isa = PBXFileReference; lastKnownFileType = sourcecode.swift; path = ActivityCellView.swift; sourceTree = "<group>"; };
		98584AFD277E51A70028DBEA /* ActivityListView.swift */ = {isa = PBXFileReference; lastKnownFileType = sourcecode.swift; path = ActivityListView.swift; sourceTree = "<group>"; };
		98584B03277E51DA0028DBEA /* ContactCellView.swift */ = {isa = PBXFileReference; lastKnownFileType = sourcecode.swift; path = ContactCellView.swift; sourceTree = "<group>"; };
		98584B0A277E605F0028DBEA /* ActivityDetailsViewController.swift */ = {isa = PBXFileReference; fileEncoding = 4; lastKnownFileType = sourcecode.swift; path = ActivityDetailsViewController.swift; sourceTree = "<group>"; };
		98584B0E277E605F0028DBEA /* ActivityDetailsView.swift */ = {isa = PBXFileReference; fileEncoding = 4; lastKnownFileType = sourcecode.swift; path = ActivityDetailsView.swift; sourceTree = "<group>"; };
		98584B19277E60740028DBEA /* ContactListView.swift */ = {isa = PBXFileReference; fileEncoding = 4; lastKnownFileType = sourcecode.swift; path = ContactListView.swift; sourceTree = "<group>"; };
		98584B1A277E60740028DBEA /* ContactListViewController.swift */ = {isa = PBXFileReference; fileEncoding = 4; lastKnownFileType = sourcecode.swift; path = ContactListViewController.swift; sourceTree = "<group>"; };
		9882465327D01210001DD0C5 /* String+Extensions.swift */ = {isa = PBXFileReference; lastKnownFileType = sourcecode.swift; path = "String+Extensions.swift"; sourceTree = "<group>"; };
		9882465527D0121F001DD0C5 /* UITableViewCell+Extensions.swift */ = {isa = PBXFileReference; lastKnownFileType = sourcecode.swift; path = "UITableViewCell+Extensions.swift"; sourceTree = "<group>"; };
		9882465727D013A3001DD0C5 /* HomeData.swift */ = {isa = PBXFileReference; lastKnownFileType = sourcecode.swift; path = HomeData.swift; sourceTree = "<group>"; };
		9882465927D013B4001DD0C5 /* ActivityDetails.swift */ = {isa = PBXFileReference; lastKnownFileType = sourcecode.swift; path = ActivityDetails.swift; sourceTree = "<group>"; };
		9882465B27D013C1001DD0C5 /* Contact.swift */ = {isa = PBXFileReference; lastKnownFileType = sourcecode.swift; path = Contact.swift; sourceTree = "<group>"; };
		9882465D27D013D2001DD0C5 /* TransferResult.swift */ = {isa = PBXFileReference; lastKnownFileType = sourcecode.swift; path = TransferResult.swift; sourceTree = "<group>"; };
		9882465F27D013E1001DD0C5 /* UserProfile.swift */ = {isa = PBXFileReference; lastKnownFileType = sourcecode.swift; path = UserProfile.swift; sourceTree = "<group>"; };
		9882466127D016F8001DD0C5 /* NetworkClient.swift */ = {isa = PBXFileReference; lastKnownFileType = sourcecode.swift; path = NetworkClient.swift; sourceTree = "<group>"; };
		9882466327D01E57001DD0C5 /* UIViewController+Extensions.swift */ = {isa = PBXFileReference; lastKnownFileType = sourcecode.swift; path = "UIViewController+Extensions.swift"; sourceTree = "<group>"; };
		9882466527D13AC0001DD0C5 /* HomeViewModel.swift */ = {isa = PBXFileReference; lastKnownFileType = sourcecode.swift; path = HomeViewModel.swift; sourceTree = "<group>"; };
		9882466827D13DE2001DD0C5 /* ActivityDetailsViewModel.swift */ = {isa = PBXFileReference; lastKnownFileType = sourcecode.swift; path = ActivityDetailsViewModel.swift; sourceTree = "<group>"; };
		98E0E87728299D7E00560502 /* GitHubAPI.swift */ = {isa = PBXFileReference; lastKnownFileType = sourcecode.swift; path = GitHubAPI.swift; sourceTree = "<group>"; };
		98E0E87A28299EB400560502 /* RepositoryListViewController.swift */ = {isa = PBXFileReference; lastKnownFileType = sourcecode.swift; path = RepositoryListViewController.swift; sourceTree = "<group>"; };
		C51D6C74286CFAE400FAA0CF /* AnySDKSecondImplTests.swift */ = {isa = PBXFileReference; lastKnownFileType = sourcecode.swift; path = AnySDKSecondImplTests.swift; sourceTree = "<group>"; };
		C54A20D2286A5B8D00C49179 /* TransferAmountTests.swift */ = {isa = PBXFileReference; fileEncoding = 4; lastKnownFileType = sourcecode.swift; path = TransferAmountTests.swift; sourceTree = "<group>"; };
		C5F76C79286E59190002BE0F /* AnySdkSpy.swift */ = {isa = PBXFileReference; fileEncoding = 4; lastKnownFileType = sourcecode.swift; path = AnySdkSpy.swift; sourceTree = "<group>"; };
		C5F76C7A286E59190002BE0F /* AnySDKSecondImplTests.swift */ = {isa = PBXFileReference; fileEncoding = 4; lastKnownFileType = sourcecode.swift; path = AnySDKSecondImplTests.swift; sourceTree = "<group>"; };
		D49048F72864077F0054BF5D /* UITableViewCell+Extensions.swift */ = {isa = PBXFileReference; fileEncoding = 4; lastKnownFileType = sourcecode.swift; path = "UITableViewCell+Extensions.swift"; sourceTree = "<group>"; };
		FC08DB6A2867B97600E7E235 /* HomeData+Fixture.swift */ = {isa = PBXFileReference; lastKnownFileType = sourcecode.swift; path = "HomeData+Fixture.swift"; sourceTree = "<group>"; };
		FC08DB6C2867BCF500E7E235 /* FinanceServiceHomeSpy.swift */ = {isa = PBXFileReference; lastKnownFileType = sourcecode.swift; path = FinanceServiceHomeSpy.swift; sourceTree = "<group>"; };
		FC08DB6E2867C79D00E7E235 /* FinanceServiceActivityDetailsSpy.swift */ = {isa = PBXFileReference; lastKnownFileType = sourcecode.swift; path = FinanceServiceActivityDetailsSpy.swift; sourceTree = "<group>"; };
		FC08DB702867C9C500E7E235 /* ActivityDetails+Fixture.swift */ = {isa = PBXFileReference; lastKnownFileType = sourcecode.swift; path = "ActivityDetails+Fixture.swift"; sourceTree = "<group>"; };
		FC08DB732867CB4C00E7E235 /* ActivityDetailsViewModelTests.swift */ = {isa = PBXFileReference; lastKnownFileType = sourcecode.swift; path = ActivityDetailsViewModelTests.swift; sourceTree = "<group>"; };
		FC08DB772867DBB000E7E235 /* ActivityDetailsViewModelDelegateSpy.swift */ = {isa = PBXFileReference; lastKnownFileType = sourcecode.swift; path = ActivityDetailsViewModelDelegateSpy.swift; sourceTree = "<group>"; };
		FC08DB792867DBC500E7E235 /* HomeViewModelDelegateSpy.swift */ = {isa = PBXFileReference; lastKnownFileType = sourcecode.swift; path = HomeViewModelDelegateSpy.swift; sourceTree = "<group>"; };
		FC2D46CD286BA8AE00B424F0 /* UIViewController+ExtensionsTests.swift */ = {isa = PBXFileReference; fileEncoding = 4; lastKnownFileType = sourcecode.swift; path = "UIViewController+ExtensionsTests.swift"; sourceTree = "<group>"; };
		FC2FF7912862035A00593D93 /* FinanceServiceTest.swift */ = {isa = PBXFileReference; lastKnownFileType = sourcecode.swift; path = FinanceServiceTest.swift; sourceTree = "<group>"; };
		FC2FF79628637C7C00593D93 /* UIViewController+ExtensionsTests.swift */ = {isa = PBXFileReference; lastKnownFileType = sourcecode.swift; path = "UIViewController+ExtensionsTests.swift"; sourceTree = "<group>"; };
		FC2FF7A12863B9EB00593D93 /* DispatchQueueSpy.swift */ = {isa = PBXFileReference; lastKnownFileType = sourcecode.swift; path = DispatchQueueSpy.swift; sourceTree = "<group>"; };
		FC2FF7A62864A41900593D93 /* Contact+Fixtures.swift */ = {isa = PBXFileReference; lastKnownFileType = sourcecode.swift; path = "Contact+Fixtures.swift"; sourceTree = "<group>"; };
		FC2FF7A82864B1D200593D93 /* DispatchQueue+Extensions.swift */ = {isa = PBXFileReference; lastKnownFileType = sourcecode.swift; path = "DispatchQueue+Extensions.swift"; sourceTree = "<group>"; };
		FC3DF5552866612B00B15B9F /* HomeViewModelTests.swift */ = {isa = PBXFileReference; lastKnownFileType = sourcecode.swift; path = HomeViewModelTests.swift; sourceTree = "<group>"; };
		FD2FA766286E3CDA00A0DCED /* TransfersViewControllerTests.swift */ = {isa = PBXFileReference; lastKnownFileType = sourcecode.swift; path = TransfersViewControllerTests.swift; sourceTree = "<group>"; };
		FD6D81D628678E8C00503489 /* GetDefaultProfileUseCase.swift */ = {isa = PBXFileReference; lastKnownFileType = sourcecode.swift; path = GetDefaultProfileUseCase.swift; sourceTree = "<group>"; };
		FD6D81D928678EF700503489 /* RemoteConfigProvider.swift */ = {isa = PBXFileReference; lastKnownFileType = sourcecode.swift; path = RemoteConfigProvider.swift; sourceTree = "<group>"; };
		FD6D81DB2867936800503489 /* GetRandomNumberUseCase.swift */ = {isa = PBXFileReference; lastKnownFileType = sourcecode.swift; path = GetRandomNumberUseCase.swift; sourceTree = "<group>"; };
		FD6D81E0286797D700503489 /* RemoteConfigProviderSpy.swift */ = {isa = PBXFileReference; lastKnownFileType = sourcecode.swift; path = RemoteConfigProviderSpy.swift; sourceTree = "<group>"; };
		FD6D81E42867997F00503489 /* AnySDK.swift */ = {isa = PBXFileReference; lastKnownFileType = sourcecode.swift; path = AnySDK.swift; sourceTree = "<group>"; };
		FD6D81E62867E1C500503489 /* AnySDKFirstImpl.swift */ = {isa = PBXFileReference; lastKnownFileType = sourcecode.swift; path = AnySDKFirstImpl.swift; sourceTree = "<group>"; };
		FD6D81E82867EB7900503489 /* AnySDKSecondImpl.swift */ = {isa = PBXFileReference; lastKnownFileType = sourcecode.swift; path = AnySDKSecondImpl.swift; sourceTree = "<group>"; };
		FD6D81EA2867EB8100503489 /* AnySDKThirdImpl.swift */ = {isa = PBXFileReference; lastKnownFileType = sourcecode.swift; path = AnySDKThirdImpl.swift; sourceTree = "<group>"; };
		FD6D81EF2867EC7D00503489 /* DemoUseCase.swift */ = {isa = PBXFileReference; lastKnownFileType = sourcecode.swift; path = DemoUseCase.swift; sourceTree = "<group>"; };
		FD6D81F12867ED5E00503489 /* DemoUseCaseFactory.swift */ = {isa = PBXFileReference; lastKnownFileType = sourcecode.swift; path = DemoUseCaseFactory.swift; sourceTree = "<group>"; };
/* End PBXFileReference section */

/* Begin PBXFrameworksBuildPhase section */
		98584A66277E32C30028DBEA /* Frameworks */ = {
			isa = PBXFrameworksBuildPhase;
			buildActionMask = 2147483647;
			files = (
			);
			runOnlyForDeploymentPostprocessing = 0;
		};
		98584A7C277E32C60028DBEA /* Frameworks */ = {
			isa = PBXFrameworksBuildPhase;
			buildActionMask = 2147483647;
			files = (
			);
			runOnlyForDeploymentPostprocessing = 0;
		};
		98584A86277E32C60028DBEA /* Frameworks */ = {
			isa = PBXFrameworksBuildPhase;
			buildActionMask = 2147483647;
			files = (
			);
			runOnlyForDeploymentPostprocessing = 0;
		};
/* End PBXFrameworksBuildPhase section */

/* Begin PBXGroup section */
		0BA7D879286D01FC00906C8C /* Helpers */ = {
			isa = PBXGroup;
			children = (
				0BA7D87A286D01FC00906C8C /* URL+Extension.swift */,
				0BA7D87B286D01FC00906C8C /* Fixtures.swift */,
			);
			path = Helpers;
			sourceTree = "<group>";
		};
		0BA7D87C286D01FC00906C8C /* Factories */ = {
			isa = PBXGroup;
			children = (
				0BA7D87D286D01FC00906C8C /* DemoUseCaseFactoryTests.swift */,
			);
			path = Factories;
			sourceTree = "<group>";
		};
		98584A60277E32C30028DBEA = {
			isa = PBXGroup;
			children = (
				98584A6B277E32C30028DBEA /* FinanceApp */,
				98584A82277E32C60028DBEA /* FinanceAppTests */,
				98584A8C277E32C60028DBEA /* FinanceAppUITests */,
				98584A6A277E32C30028DBEA /* Products */,
				FCB3785D286D14D70044B4A3 /* Recovered References */,
			);
			sourceTree = "<group>";
		};
		98584A6A277E32C30028DBEA /* Products */ = {
			isa = PBXGroup;
			children = (
				98584A69277E32C30028DBEA /* FinanceApp.app */,
				98584A7F277E32C60028DBEA /* FinanceAppTests.xctest */,
				98584A89277E32C60028DBEA /* FinanceAppUITests.xctest */,
			);
			name = Products;
			sourceTree = "<group>";
		};
		98584A6B277E32C30028DBEA /* FinanceApp */ = {
			isa = PBXGroup;
			children = (
				FC2FF7AB2864B74900593D93 /* Commons */,
				98584A9D277E351B0028DBEA /* Resources */,
				98584A9C277E350D0028DBEA /* AppDelegate */,
				FD6D81E32867987800503489 /* ThirdyPartySDK */,
				98584A9E277E35700028DBEA /* Modules */,
				FD6D81EE2867EC4D00503489 /* Factories */,
				FD6D81D328678D6B00503489 /* UseCases */,
				98584AF8277E511C0028DBEA /* Components */,
				98584AB8277E374A0028DBEA /* Service */,
			);
			path = FinanceApp;
			sourceTree = "<group>";
		};
		98584A82277E32C60028DBEA /* FinanceAppTests */ = {
			isa = PBXGroup;
			children = (
				C5F76C77286E59190002BE0F /* ThirdyPartySDK */,
				FC3DF5532866610C00B15B9F /* Modules */,
				0BA7D87C286D01FC00906C8C /* Factories */,
				0BA7D879286D01FC00906C8C /* Helpers */,
				FC2FF7902862033000593D93 /* Service */,
				FC2FF79528637C4C00593D93 /* Extensions */,
			);
			path = FinanceAppTests;
			sourceTree = "<group>";
		};
		98584A8C277E32C60028DBEA /* FinanceAppUITests */ = {
			isa = PBXGroup;
			children = (
				98584A8D277E32C60028DBEA /* FinanceAppUITests.swift */,
				98584A8F277E32C60028DBEA /* FinanceAppUITestsLaunchTests.swift */,
			);
			path = FinanceAppUITests;
			sourceTree = "<group>";
		};
		98584A9C277E350D0028DBEA /* AppDelegate */ = {
			isa = PBXGroup;
			children = (
				98584A6C277E32C30028DBEA /* AppDelegate.swift */,
				98584A6E277E32C30028DBEA /* SceneDelegate.swift */,
			);
			path = AppDelegate;
			sourceTree = "<group>";
		};
		98584A9D277E351B0028DBEA /* Resources */ = {
			isa = PBXGroup;
			children = (
				98584A7A277E32C50028DBEA /* Info.plist */,
				98584A75277E32C50028DBEA /* Assets.xcassets */,
				98584A77277E32C50028DBEA /* LaunchScreen.storyboard */,
			);
			path = Resources;
			sourceTree = "<group>";
		};
		98584A9E277E35700028DBEA /* Modules */ = {
			isa = PBXGroup;
			children = (
				98E0E87928299EA600560502 /* RepositoryList */,
				98584B08277E602C0028DBEA /* ContactList */,
				98584ADF277E50430028DBEA /* Confirmation */,
				98584AD1277E50430028DBEA /* Transfers */,
				98584AD8277E50430028DBEA /* UserProfile */,
				98584A9F277E35780028DBEA /* Home */,
				98584B07277E5FF60028DBEA /* ActivityDetails */,
			);
			path = Modules;
			sourceTree = "<group>";
		};
		98584A9F277E35780028DBEA /* Home */ = {
			isa = PBXGroup;
			children = (
				98584AA6277E35F10028DBEA /* HomeView.swift */,
				98584AA4277E35E90028DBEA /* HomeViewController.swift */,
				9882466527D13AC0001DD0C5 /* HomeViewModel.swift */,
			);
			path = Home;
			sourceTree = "<group>";
		};
		98584AB8277E374A0028DBEA /* Service */ = {
			isa = PBXGroup;
			children = (
				FD6D81D828678ED700503489 /* RemoteConfig */,
				98584AC2277E42E80028DBEA /* FinanceService.swift */,
				9882466127D016F8001DD0C5 /* NetworkClient.swift */,
				98584AC1277E42CB0028DBEA /* Entities */,
				98E0E87728299D7E00560502 /* GitHubAPI.swift */,
			);
			path = Service;
			sourceTree = "<group>";
		};
		98584AC1277E42CB0028DBEA /* Entities */ = {
			isa = PBXGroup;
			children = (
				9882465727D013A3001DD0C5 /* HomeData.swift */,
				9882465927D013B4001DD0C5 /* ActivityDetails.swift */,
				9882465B27D013C1001DD0C5 /* Contact.swift */,
				9882465D27D013D2001DD0C5 /* TransferResult.swift */,
				9882465F27D013E1001DD0C5 /* UserProfile.swift */,
			);
			path = Entities;
			sourceTree = "<group>";
		};
		98584AD1277E50430028DBEA /* Transfers */ = {
			isa = PBXGroup;
			children = (
				98584AD3277E50430028DBEA /* TransfersView.swift */,
				98584AD4277E50430028DBEA /* TransfersViewController.swift */,
			);
			path = Transfers;
			sourceTree = "<group>";
		};
		98584AD8277E50430028DBEA /* UserProfile */ = {
			isa = PBXGroup;
			children = (
				98584ADA277E50430028DBEA /* UserProfileView.swift */,
				98584ADB277E50430028DBEA /* UserProfileViewController.swift */,
			);
			path = UserProfile;
			sourceTree = "<group>";
		};
		98584ADF277E50430028DBEA /* Confirmation */ = {
			isa = PBXGroup;
			children = (
				98584AE1277E50430028DBEA /* ConfirmationView.swift */,
				98584AE2277E50430028DBEA /* ConfirmationViewController.swift */,
			);
			path = Confirmation;
			sourceTree = "<group>";
		};
		98584AF8277E511C0028DBEA /* Components */ = {
			isa = PBXGroup;
			children = (
				98584AF9277E51850028DBEA /* HomeHeaderView.swift */,
				98584AFB277E51960028DBEA /* ActivityCellView.swift */,
				98584AFD277E51A70028DBEA /* ActivityListView.swift */,
				98584B03277E51DA0028DBEA /* ContactCellView.swift */,
				98426FA927A6EC8700B09645 /* TabBarController.swift */,
				98426FAB27A6FC8000B09645 /* UserProfileHeaderView.swift */,
			);
			path = Components;
			sourceTree = "<group>";
		};
		98584B07277E5FF60028DBEA /* ActivityDetails */ = {
			isa = PBXGroup;
			children = (
				98584B0E277E605F0028DBEA /* ActivityDetailsView.swift */,
				98584B0A277E605F0028DBEA /* ActivityDetailsViewController.swift */,
				9882466827D13DE2001DD0C5 /* ActivityDetailsViewModel.swift */,
			);
			path = ActivityDetails;
			sourceTree = "<group>";
		};
		98584B08277E602C0028DBEA /* ContactList */ = {
			isa = PBXGroup;
			children = (
				98584B19277E60740028DBEA /* ContactListView.swift */,
				98584B1A277E60740028DBEA /* ContactListViewController.swift */,
			);
			path = ContactList;
			sourceTree = "<group>";
		};
		9882465227D011FC001DD0C5 /* Extensions */ = {
			isa = PBXGroup;
			children = (
				9882465327D01210001DD0C5 /* String+Extensions.swift */,
				9882465527D0121F001DD0C5 /* UITableViewCell+Extensions.swift */,
				9882466327D01E57001DD0C5 /* UIViewController+Extensions.swift */,
				FC2FF7A82864B1D200593D93 /* DispatchQueue+Extensions.swift */,
			);
			path = Extensions;
			sourceTree = "<group>";
		};
		98E0E87928299EA600560502 /* RepositoryList */ = {
			isa = PBXGroup;
			children = (
				98E0E87A28299EB400560502 /* RepositoryListViewController.swift */,
			);
			path = RepositoryList;
			sourceTree = "<group>";
		};
		C5F76C77286E59190002BE0F /* ThirdyPartySDK */ = {
			isa = PBXGroup;
			children = (
				C5F76C78286E59190002BE0F /* Doubles */,
				C5F76C7A286E59190002BE0F /* AnySDKSecondImplTests.swift */,
			);
			path = ThirdyPartySDK;
			sourceTree = "<group>";
		};
		C5F76C78286E59190002BE0F /* Doubles */ = {
			isa = PBXGroup;
			children = (
				C5F76C79286E59190002BE0F /* AnySdkSpy.swift */,
			);
			path = Doubles;
			sourceTree = "<group>";
		};
		FC08DB722867CA5A00E7E235 /* ActivityDetails */ = {
			isa = PBXGroup;
			children = (
				FC08DB772867DBB000E7E235 /* ActivityDetailsViewModelDelegateSpy.swift */,
				FC08DB732867CB4C00E7E235 /* ActivityDetailsViewModelTests.swift */,
			);
			path = ActivityDetails;
			sourceTree = "<group>";
		};
		FC2FF7902862033000593D93 /* Service */ = {
			isa = PBXGroup;
			children = (
				FD63EE0A286F930300154734 /* Fixtures */,
				FD63EE09286F92F900154734 /* Doubles */,
				0BA7D881286D032100906C8C /* MockURLSession.swift */,
				0BA7D882286D032100906C8C /* NetworkClientTests.swift */,
				FC2FF7A52864A3FE00593D93 /* Entities */,
				FC2FF7912862035A00593D93 /* FinanceServiceTest.swift */,
			);
			path = Service;
			sourceTree = "<group>";
		};
		FC2FF79528637C4C00593D93 /* Extensions */ = {
			isa = PBXGroup;
			children = (
				0B380A81286BC62D00463422 /* Mirror+Extension.swift */,
				0791551428650E9A00C9AAAB /* StringExtensionsTest.swift */,
				D49048F72864077F0054BF5D /* UITableViewCell+Extensions.swift */,
				FC2D46CD286BA8AE00B424F0 /* UIViewController+ExtensionsTests.swift */,
			);
			path = Extensions;
			sourceTree = "<group>";
		};
		FC2FF7A52864A3FE00593D93 /* Entities */ = {
			isa = PBXGroup;
			children = (
				27BC699A2861EB0900CFA1EC /* AccountTest.swift */,
			);
			path = Entities;
			sourceTree = "<group>";
		};
		FC2FF7AA2864B73500593D93 /* Spies */ = {
			isa = PBXGroup;
			children = (
			);
			path = Spies;
			sourceTree = "<group>";
		};
		FC2FF7AB2864B74900593D93 /* Commons */ = {
			isa = PBXGroup;
			children = (
				9882465227D011FC001DD0C5 /* Extensions */,
				FC2FF7AA2864B73500593D93 /* Spies */,
			);
			path = Commons;
			sourceTree = "<group>";
		};
		FC3DF5532866610C00B15B9F /* Modules */ = {
			isa = PBXGroup;
			children = (
				FD2FA765286E3CCE00A0DCED /* Transfers */,
				FC08DB722867CA5A00E7E235 /* ActivityDetails */,
				FC3DF5542866611700B15B9F /* Home */,
			);
			path = Modules;
			sourceTree = "<group>";
		};
		FC3DF5542866611700B15B9F /* Home */ = {
			isa = PBXGroup;
			children = (
				FC08DB6C2867BCF500E7E235 /* FinanceServiceHomeSpy.swift */,
				FC08DB792867DBC500E7E235 /* HomeViewModelDelegateSpy.swift */,
				FC3DF5552866612B00B15B9F /* HomeViewModelTests.swift */,
			);
			path = Home;
			sourceTree = "<group>";
		};
		FCB3785D286D14D70044B4A3 /* Recovered References */ = {
			isa = PBXGroup;
			children = (
				FC2FF79628637C7C00593D93 /* UIViewController+ExtensionsTests.swift */,
				C51D6C74286CFAE400FAA0CF /* AnySDKSecondImplTests.swift */,
			);
			name = "Recovered References";
			sourceTree = "<group>";
		};
		FD2FA765286E3CCE00A0DCED /* Transfers */ = {
			isa = PBXGroup;
			children = (
				FD2FA766286E3CDA00A0DCED /* TransfersViewControllerTests.swift */,
			);
			path = Transfers;
			sourceTree = "<group>";
		};
		FD63EE09286F92F900154734 /* Doubles */ = {
			isa = PBXGroup;
			children = (
				FC08DB6E2867C79D00E7E235 /* FinanceServiceActivityDetailsSpy.swift */,
				FD6D81E0286797D700503489 /* RemoteConfigProviderSpy.swift */,
				C54A20D2286A5B8D00C49179 /* TransferAmountTests.swift */,
				0BFBB3812865E371001095E6 /* NetworkClientSpy.swift */,
				FC2FF7A12863B9EB00593D93 /* DispatchQueueSpy.swift */,
			);
			path = Doubles;
			sourceTree = "<group>";
		};
		FD63EE0A286F930300154734 /* Fixtures */ = {
			isa = PBXGroup;
			children = (
				FC08DB702867C9C500E7E235 /* ActivityDetails+Fixture.swift */,
				FC08DB6A2867B97600E7E235 /* HomeData+Fixture.swift */,
				FC2FF7A62864A41900593D93 /* Contact+Fixtures.swift */,
			);
			path = Fixtures;
			sourceTree = "<group>";
		};
		FD6D81D328678D6B00503489 /* UseCases */ = {
			isa = PBXGroup;
			children = (
				FD6D81D628678E8C00503489 /* GetDefaultProfileUseCase.swift */,
				FD6D81DB2867936800503489 /* GetRandomNumberUseCase.swift */,
			);
			path = UseCases;
			sourceTree = "<group>";
		};
		FD6D81D828678ED700503489 /* RemoteConfig */ = {
			isa = PBXGroup;
			children = (
				FD6D81D928678EF700503489 /* RemoteConfigProvider.swift */,
			);
			path = RemoteConfig;
			sourceTree = "<group>";
		};
		FD6D81E32867987800503489 /* ThirdyPartySDK */ = {
			isa = PBXGroup;
			children = (
				FD6D81E42867997F00503489 /* AnySDK.swift */,
				FD6D81E62867E1C500503489 /* AnySDKFirstImpl.swift */,
				FD6D81E82867EB7900503489 /* AnySDKSecondImpl.swift */,
				FD6D81EA2867EB8100503489 /* AnySDKThirdImpl.swift */,
			);
			path = ThirdyPartySDK;
			sourceTree = "<group>";
		};
		FD6D81EE2867EC4D00503489 /* Factories */ = {
			isa = PBXGroup;
			children = (
				FD6D81EF2867EC7D00503489 /* DemoUseCase.swift */,
				FD6D81F12867ED5E00503489 /* DemoUseCaseFactory.swift */,
			);
			path = Factories;
			sourceTree = "<group>";
		};
/* End PBXGroup section */

/* Begin PBXNativeTarget section */
		98584A68277E32C30028DBEA /* FinanceApp */ = {
			isa = PBXNativeTarget;
			buildConfigurationList = 98584A93277E32C60028DBEA /* Build configuration list for PBXNativeTarget "FinanceApp" */;
			buildPhases = (
				98584A65277E32C30028DBEA /* Sources */,
				98584A66277E32C30028DBEA /* Frameworks */,
				98584A67277E32C30028DBEA /* Resources */,
			);
			buildRules = (
			);
			dependencies = (
			);
			name = FinanceApp;
			productName = FinanceApp;
			productReference = 98584A69277E32C30028DBEA /* FinanceApp.app */;
			productType = "com.apple.product-type.application";
		};
		98584A7E277E32C60028DBEA /* FinanceAppTests */ = {
			isa = PBXNativeTarget;
			buildConfigurationList = 98584A96277E32C60028DBEA /* Build configuration list for PBXNativeTarget "FinanceAppTests" */;
			buildPhases = (
				98584A7B277E32C60028DBEA /* Sources */,
				98584A7C277E32C60028DBEA /* Frameworks */,
				98584A7D277E32C60028DBEA /* Resources */,
			);
			buildRules = (
			);
			dependencies = (
				98584A81277E32C60028DBEA /* PBXTargetDependency */,
			);
			name = FinanceAppTests;
			productName = FinanceAppTests;
			productReference = 98584A7F277E32C60028DBEA /* FinanceAppTests.xctest */;
			productType = "com.apple.product-type.bundle.unit-test";
		};
		98584A88277E32C60028DBEA /* FinanceAppUITests */ = {
			isa = PBXNativeTarget;
			buildConfigurationList = 98584A99277E32C60028DBEA /* Build configuration list for PBXNativeTarget "FinanceAppUITests" */;
			buildPhases = (
				98584A85277E32C60028DBEA /* Sources */,
				98584A86277E32C60028DBEA /* Frameworks */,
				98584A87277E32C60028DBEA /* Resources */,
			);
			buildRules = (
			);
			dependencies = (
				98584A8B277E32C60028DBEA /* PBXTargetDependency */,
			);
			name = FinanceAppUITests;
			productName = FinanceAppUITests;
			productReference = 98584A89277E32C60028DBEA /* FinanceAppUITests.xctest */;
			productType = "com.apple.product-type.bundle.ui-testing";
		};
/* End PBXNativeTarget section */

/* Begin PBXProject section */
		98584A61277E32C30028DBEA /* Project object */ = {
			isa = PBXProject;
			attributes = {
				BuildIndependentTargetsInParallel = 1;
				LastSwiftUpdateCheck = 1320;
				LastUpgradeCheck = 1320;
				TargetAttributes = {
					98584A68277E32C30028DBEA = {
						CreatedOnToolsVersion = 13.2.1;
					};
					98584A7E277E32C60028DBEA = {
						CreatedOnToolsVersion = 13.2.1;
						TestTargetID = 98584A68277E32C30028DBEA;
					};
					98584A88277E32C60028DBEA = {
						CreatedOnToolsVersion = 13.2.1;
						TestTargetID = 98584A68277E32C30028DBEA;
					};
				};
			};
			buildConfigurationList = 98584A64277E32C30028DBEA /* Build configuration list for PBXProject "FinanceApp" */;
			compatibilityVersion = "Xcode 13.0";
			developmentRegion = en;
			hasScannedForEncodings = 0;
			knownRegions = (
				en,
				Base,
			);
			mainGroup = 98584A60277E32C30028DBEA;
			productRefGroup = 98584A6A277E32C30028DBEA /* Products */;
			projectDirPath = "";
			projectRoot = "";
			targets = (
				98584A68277E32C30028DBEA /* FinanceApp */,
				98584A7E277E32C60028DBEA /* FinanceAppTests */,
				98584A88277E32C60028DBEA /* FinanceAppUITests */,
			);
		};
/* End PBXProject section */

/* Begin PBXResourcesBuildPhase section */
		98584A67277E32C30028DBEA /* Resources */ = {
			isa = PBXResourcesBuildPhase;
			buildActionMask = 2147483647;
			files = (
				98584A79277E32C50028DBEA /* LaunchScreen.storyboard in Resources */,
				98584A76277E32C50028DBEA /* Assets.xcassets in Resources */,
			);
			runOnlyForDeploymentPostprocessing = 0;
		};
		98584A7D277E32C60028DBEA /* Resources */ = {
			isa = PBXResourcesBuildPhase;
			buildActionMask = 2147483647;
			files = (
			);
			runOnlyForDeploymentPostprocessing = 0;
		};
		98584A87277E32C60028DBEA /* Resources */ = {
			isa = PBXResourcesBuildPhase;
			buildActionMask = 2147483647;
			files = (
			);
			runOnlyForDeploymentPostprocessing = 0;
		};
/* End PBXResourcesBuildPhase section */

/* Begin PBXSourcesBuildPhase section */
		98584A65277E32C30028DBEA /* Sources */ = {
			isa = PBXSourcesBuildPhase;
			buildActionMask = 2147483647;
			files = (
				FCB37864286D17F20044B4A3 /* UIViewController+Extensions.swift in Sources */,
				98584AC3277E42E80028DBEA /* FinanceService.swift in Sources */,
				98584B04277E51DA0028DBEA /* ContactCellView.swift in Sources */,
				9882465C27D013C1001DD0C5 /* Contact.swift in Sources */,
				98584B10277E605F0028DBEA /* ActivityDetailsViewController.swift in Sources */,
				98584AFE277E51A70028DBEA /* ActivityListView.swift in Sources */,
				98584B20277E60740028DBEA /* ContactListViewController.swift in Sources */,
				9882466027D013E1001DD0C5 /* UserProfile.swift in Sources */,
				9882465E27D013D2001DD0C5 /* TransferResult.swift in Sources */,
				FD6D81E72867E1C500503489 /* AnySDKFirstImpl.swift in Sources */,
				98584AF4277E50430028DBEA /* ConfirmationViewController.swift in Sources */,
				FD6D81D728678E8C00503489 /* GetDefaultProfileUseCase.swift in Sources */,
				98584AFC277E51960028DBEA /* ActivityCellView.swift in Sources */,
				9882465A27D013B4001DD0C5 /* ActivityDetails.swift in Sources */,
				98584AFA277E51850028DBEA /* HomeHeaderView.swift in Sources */,
				9882465427D01210001DD0C5 /* String+Extensions.swift in Sources */,
				9882465827D013A3001DD0C5 /* HomeData.swift in Sources */,
				FD6D81F02867EC7D00503489 /* DemoUseCase.swift in Sources */,
				98584AE8277E50430028DBEA /* TransfersViewController.swift in Sources */,
				98584B14277E605F0028DBEA /* ActivityDetailsView.swift in Sources */,
				FD6D81DA28678EF700503489 /* RemoteConfigProvider.swift in Sources */,
				FD6D81E52867997F00503489 /* AnySDK.swift in Sources */,
				98584AE7277E50430028DBEA /* TransfersView.swift in Sources */,
				98584AF3277E50430028DBEA /* ConfirmationView.swift in Sources */,
				98584AEE277E50430028DBEA /* UserProfileViewController.swift in Sources */,
				FC2FF7A92864B1D200593D93 /* DispatchQueue+Extensions.swift in Sources */,
				FD6D81F22867ED5E00503489 /* DemoUseCaseFactory.swift in Sources */,
				98584A6D277E32C30028DBEA /* AppDelegate.swift in Sources */,
				FD6D81E92867EB7900503489 /* AnySDKSecondImpl.swift in Sources */,
				98584A6F277E32C30028DBEA /* SceneDelegate.swift in Sources */,
				98E0E87B28299EB400560502 /* RepositoryListViewController.swift in Sources */,
				98426FAC27A6FC8000B09645 /* UserProfileHeaderView.swift in Sources */,
				98584AA7277E35F10028DBEA /* HomeView.swift in Sources */,
				FD6D81EB2867EB8100503489 /* AnySDKThirdImpl.swift in Sources */,
				9882466927D13DE2001DD0C5 /* ActivityDetailsViewModel.swift in Sources */,
				98584B1F277E60740028DBEA /* ContactListView.swift in Sources */,
				98584AA5277E35E90028DBEA /* HomeViewController.swift in Sources */,
				98426FAA27A6EC8700B09645 /* TabBarController.swift in Sources */,
				FD6D81DC2867936800503489 /* GetRandomNumberUseCase.swift in Sources */,
				9882465627D0121F001DD0C5 /* UITableViewCell+Extensions.swift in Sources */,
				98584AED277E50430028DBEA /* UserProfileView.swift in Sources */,
				9882466627D13AC0001DD0C5 /* HomeViewModel.swift in Sources */,
				98E0E87828299D7E00560502 /* GitHubAPI.swift in Sources */,
				9882466227D016F8001DD0C5 /* NetworkClient.swift in Sources */,
			);
			runOnlyForDeploymentPostprocessing = 0;
		};
		98584A7B277E32C60028DBEA /* Sources */ = {
			isa = PBXSourcesBuildPhase;
			buildActionMask = 2147483647;
			files = (
				0791551528650E9A00C9AAAB /* StringExtensionsTest.swift in Sources */,
				0B380A82286BC62D00463422 /* Mirror+Extension.swift in Sources */,
				FC2FF7A72864A41900593D93 /* Contact+Fixtures.swift in Sources */,
				FCB37865286D18530044B4A3 /* DispatchQueueSpy.swift in Sources */,
				FCB37860286D14F10044B4A3 /* FinanceServiceHomeSpy.swift in Sources */,
				FC2FF7922862035A00593D93 /* FinanceServiceTest.swift in Sources */,
				0BA7D87E286D01FC00906C8C /* URL+Extension.swift in Sources */,
				C5F76C7C286E59190002BE0F /* AnySDKSecondImplTests.swift in Sources */,
				C54A20D3286A5B8D00C49179 /* TransferAmountTests.swift in Sources */,
				C54A20D3286A5B8D00C49179 /* TransferAmountTests.swift in Sources */,
				FD6D81E1286797D700503489 /* RemoteConfigProviderSpy.swift in Sources */,
				FC08DB712867C9C500E7E235 /* ActivityDetails+Fixture.swift in Sources */,
				FC08DB742867CB4C00E7E235 /* ActivityDetailsViewModelTests.swift in Sources */,
				0BA7D880286D01FC00906C8C /* DemoUseCaseFactoryTests.swift in Sources */,
				FD2FA767286E3CDA00A0DCED /* TransfersViewControllerTests.swift in Sources */,
				D49048F82864077F0054BF5D /* UITableViewCell+Extensions.swift in Sources */,
				0BFBB3822865E371001095E6 /* NetworkClientSpy.swift in Sources */,
				FC2D46CE286BA8AE00B424F0 /* UIViewController+ExtensionsTests.swift in Sources */,
				FCB37861286D14F10044B4A3 /* HomeViewModelDelegateSpy.swift in Sources */,
				FCB3785E286D14E10044B4A3 /* FinanceServiceActivityDetailsSpy.swift in Sources */,
				FCB3785F286D14E10044B4A3 /* ActivityDetailsViewModelDelegateSpy.swift in Sources */,
				27BC699B2861EB0900CFA1EC /* AccountTest.swift in Sources */,
				FC08DB6B2867B97600E7E235 /* HomeData+Fixture.swift in Sources */,
				FC3DF5562866612B00B15B9F /* HomeViewModelTests.swift in Sources */,
				0BA7D87F286D01FC00906C8C /* Fixtures.swift in Sources */,
				0BA7D883286D032100906C8C /* MockURLSession.swift in Sources */,
				C5F76C7B286E59190002BE0F /* AnySdkSpy.swift in Sources */,
				0BA7D884286D032100906C8C /* NetworkClientTests.swift in Sources */,
			);
			runOnlyForDeploymentPostprocessing = 0;
		};
		98584A85277E32C60028DBEA /* Sources */ = {
			isa = PBXSourcesBuildPhase;
			buildActionMask = 2147483647;
			files = (
				98584A8E277E32C60028DBEA /* FinanceAppUITests.swift in Sources */,
				98584A90277E32C60028DBEA /* FinanceAppUITestsLaunchTests.swift in Sources */,
			);
			runOnlyForDeploymentPostprocessing = 0;
		};
/* End PBXSourcesBuildPhase section */

/* Begin PBXTargetDependency section */
		98584A81277E32C60028DBEA /* PBXTargetDependency */ = {
			isa = PBXTargetDependency;
			target = 98584A68277E32C30028DBEA /* FinanceApp */;
			targetProxy = 98584A80277E32C60028DBEA /* PBXContainerItemProxy */;
		};
		98584A8B277E32C60028DBEA /* PBXTargetDependency */ = {
			isa = PBXTargetDependency;
			target = 98584A68277E32C30028DBEA /* FinanceApp */;
			targetProxy = 98584A8A277E32C60028DBEA /* PBXContainerItemProxy */;
		};
/* End PBXTargetDependency section */

/* Begin PBXVariantGroup section */
		98584A77277E32C50028DBEA /* LaunchScreen.storyboard */ = {
			isa = PBXVariantGroup;
			children = (
				98584A78277E32C50028DBEA /* Base */,
			);
			name = LaunchScreen.storyboard;
			sourceTree = "<group>";
		};
/* End PBXVariantGroup section */

/* Begin XCBuildConfiguration section */
		98584A91277E32C60028DBEA /* Debug */ = {
			isa = XCBuildConfiguration;
			buildSettings = {
				ALWAYS_SEARCH_USER_PATHS = NO;
				CLANG_ANALYZER_NONNULL = YES;
				CLANG_ANALYZER_NUMBER_OBJECT_CONVERSION = YES_AGGRESSIVE;
				CLANG_CXX_LANGUAGE_STANDARD = "gnu++17";
				CLANG_CXX_LIBRARY = "libc++";
				CLANG_ENABLE_MODULES = YES;
				CLANG_ENABLE_OBJC_ARC = YES;
				CLANG_ENABLE_OBJC_WEAK = YES;
				CLANG_WARN_BLOCK_CAPTURE_AUTORELEASING = YES;
				CLANG_WARN_BOOL_CONVERSION = YES;
				CLANG_WARN_COMMA = YES;
				CLANG_WARN_CONSTANT_CONVERSION = YES;
				CLANG_WARN_DEPRECATED_OBJC_IMPLEMENTATIONS = YES;
				CLANG_WARN_DIRECT_OBJC_ISA_USAGE = YES_ERROR;
				CLANG_WARN_DOCUMENTATION_COMMENTS = YES;
				CLANG_WARN_EMPTY_BODY = YES;
				CLANG_WARN_ENUM_CONVERSION = YES;
				CLANG_WARN_INFINITE_RECURSION = YES;
				CLANG_WARN_INT_CONVERSION = YES;
				CLANG_WARN_NON_LITERAL_NULL_CONVERSION = YES;
				CLANG_WARN_OBJC_IMPLICIT_RETAIN_SELF = YES;
				CLANG_WARN_OBJC_LITERAL_CONVERSION = YES;
				CLANG_WARN_OBJC_ROOT_CLASS = YES_ERROR;
				CLANG_WARN_QUOTED_INCLUDE_IN_FRAMEWORK_HEADER = YES;
				CLANG_WARN_RANGE_LOOP_ANALYSIS = YES;
				CLANG_WARN_STRICT_PROTOTYPES = YES;
				CLANG_WARN_SUSPICIOUS_MOVE = YES;
				CLANG_WARN_UNGUARDED_AVAILABILITY = YES_AGGRESSIVE;
				CLANG_WARN_UNREACHABLE_CODE = YES;
				CLANG_WARN__DUPLICATE_METHOD_MATCH = YES;
				COPY_PHASE_STRIP = NO;
				DEBUG_INFORMATION_FORMAT = dwarf;
				ENABLE_STRICT_OBJC_MSGSEND = YES;
				ENABLE_TESTABILITY = YES;
				GCC_C_LANGUAGE_STANDARD = gnu11;
				GCC_DYNAMIC_NO_PIC = NO;
				GCC_NO_COMMON_BLOCKS = YES;
				GCC_OPTIMIZATION_LEVEL = 0;
				GCC_PREPROCESSOR_DEFINITIONS = (
					"DEBUG=1",
					"$(inherited)",
				);
				GCC_WARN_64_TO_32_BIT_CONVERSION = YES;
				GCC_WARN_ABOUT_RETURN_TYPE = YES_ERROR;
				GCC_WARN_UNDECLARED_SELECTOR = YES;
				GCC_WARN_UNINITIALIZED_AUTOS = YES_AGGRESSIVE;
				GCC_WARN_UNUSED_FUNCTION = YES;
				GCC_WARN_UNUSED_VARIABLE = YES;
				IPHONEOS_DEPLOYMENT_TARGET = 15.2;
				MTL_ENABLE_DEBUG_INFO = INCLUDE_SOURCE;
				MTL_FAST_MATH = YES;
				ONLY_ACTIVE_ARCH = YES;
				SDKROOT = iphoneos;
				SWIFT_ACTIVE_COMPILATION_CONDITIONS = DEBUG;
				SWIFT_OPTIMIZATION_LEVEL = "-Onone";
			};
			name = Debug;
		};
		98584A92277E32C60028DBEA /* Release */ = {
			isa = XCBuildConfiguration;
			buildSettings = {
				ALWAYS_SEARCH_USER_PATHS = NO;
				CLANG_ANALYZER_NONNULL = YES;
				CLANG_ANALYZER_NUMBER_OBJECT_CONVERSION = YES_AGGRESSIVE;
				CLANG_CXX_LANGUAGE_STANDARD = "gnu++17";
				CLANG_CXX_LIBRARY = "libc++";
				CLANG_ENABLE_MODULES = YES;
				CLANG_ENABLE_OBJC_ARC = YES;
				CLANG_ENABLE_OBJC_WEAK = YES;
				CLANG_WARN_BLOCK_CAPTURE_AUTORELEASING = YES;
				CLANG_WARN_BOOL_CONVERSION = YES;
				CLANG_WARN_COMMA = YES;
				CLANG_WARN_CONSTANT_CONVERSION = YES;
				CLANG_WARN_DEPRECATED_OBJC_IMPLEMENTATIONS = YES;
				CLANG_WARN_DIRECT_OBJC_ISA_USAGE = YES_ERROR;
				CLANG_WARN_DOCUMENTATION_COMMENTS = YES;
				CLANG_WARN_EMPTY_BODY = YES;
				CLANG_WARN_ENUM_CONVERSION = YES;
				CLANG_WARN_INFINITE_RECURSION = YES;
				CLANG_WARN_INT_CONVERSION = YES;
				CLANG_WARN_NON_LITERAL_NULL_CONVERSION = YES;
				CLANG_WARN_OBJC_IMPLICIT_RETAIN_SELF = YES;
				CLANG_WARN_OBJC_LITERAL_CONVERSION = YES;
				CLANG_WARN_OBJC_ROOT_CLASS = YES_ERROR;
				CLANG_WARN_QUOTED_INCLUDE_IN_FRAMEWORK_HEADER = YES;
				CLANG_WARN_RANGE_LOOP_ANALYSIS = YES;
				CLANG_WARN_STRICT_PROTOTYPES = YES;
				CLANG_WARN_SUSPICIOUS_MOVE = YES;
				CLANG_WARN_UNGUARDED_AVAILABILITY = YES_AGGRESSIVE;
				CLANG_WARN_UNREACHABLE_CODE = YES;
				CLANG_WARN__DUPLICATE_METHOD_MATCH = YES;
				COPY_PHASE_STRIP = NO;
				DEBUG_INFORMATION_FORMAT = "dwarf-with-dsym";
				ENABLE_NS_ASSERTIONS = NO;
				ENABLE_STRICT_OBJC_MSGSEND = YES;
				GCC_C_LANGUAGE_STANDARD = gnu11;
				GCC_NO_COMMON_BLOCKS = YES;
				GCC_WARN_64_TO_32_BIT_CONVERSION = YES;
				GCC_WARN_ABOUT_RETURN_TYPE = YES_ERROR;
				GCC_WARN_UNDECLARED_SELECTOR = YES;
				GCC_WARN_UNINITIALIZED_AUTOS = YES_AGGRESSIVE;
				GCC_WARN_UNUSED_FUNCTION = YES;
				GCC_WARN_UNUSED_VARIABLE = YES;
				IPHONEOS_DEPLOYMENT_TARGET = 15.2;
				MTL_ENABLE_DEBUG_INFO = NO;
				MTL_FAST_MATH = YES;
				SDKROOT = iphoneos;
				SWIFT_COMPILATION_MODE = wholemodule;
				SWIFT_OPTIMIZATION_LEVEL = "-O";
				VALIDATE_PRODUCT = YES;
			};
			name = Release;
		};
		98584A94277E32C60028DBEA /* Debug */ = {
			isa = XCBuildConfiguration;
			buildSettings = {
				ASSETCATALOG_COMPILER_APPICON_NAME = AppIcon;
				ASSETCATALOG_COMPILER_GLOBAL_ACCENT_COLOR_NAME = AccentColor;
				CODE_SIGN_STYLE = Automatic;
				CURRENT_PROJECT_VERSION = 1;
				DEVELOPMENT_TEAM = WKN62NB674;
				GENERATE_INFOPLIST_FILE = YES;
				INFOPLIST_FILE = FinanceApp/Resources/Info.plist;
				INFOPLIST_KEY_UIApplicationSupportsIndirectInputEvents = YES;
				INFOPLIST_KEY_UILaunchStoryboardName = LaunchScreen;
				INFOPLIST_KEY_UIMainStoryboardFile = "";
				INFOPLIST_KEY_UISupportedInterfaceOrientations_iPad = "UIInterfaceOrientationPortrait UIInterfaceOrientationPortraitUpsideDown UIInterfaceOrientationLandscapeLeft UIInterfaceOrientationLandscapeRight";
				INFOPLIST_KEY_UISupportedInterfaceOrientations_iPhone = "UIInterfaceOrientationPortrait UIInterfaceOrientationLandscapeLeft UIInterfaceOrientationLandscapeRight";
				LD_RUNPATH_SEARCH_PATHS = (
					"$(inherited)",
					"@executable_path/Frameworks",
				);
				MARKETING_VERSION = 1.0;
				PRODUCT_BUNDLE_IDENTIFIER = com.devpass.FinanceApp;
				PRODUCT_NAME = "$(TARGET_NAME)";
				SWIFT_EMIT_LOC_STRINGS = YES;
				SWIFT_VERSION = 5.0;
				TARGETED_DEVICE_FAMILY = "1,2";
			};
			name = Debug;
		};
		98584A95277E32C60028DBEA /* Release */ = {
			isa = XCBuildConfiguration;
			buildSettings = {
				ASSETCATALOG_COMPILER_APPICON_NAME = AppIcon;
				ASSETCATALOG_COMPILER_GLOBAL_ACCENT_COLOR_NAME = AccentColor;
				CODE_SIGN_STYLE = Automatic;
				CURRENT_PROJECT_VERSION = 1;
				DEVELOPMENT_TEAM = WKN62NB674;
				GENERATE_INFOPLIST_FILE = YES;
				INFOPLIST_FILE = FinanceApp/Resources/Info.plist;
				INFOPLIST_KEY_UIApplicationSupportsIndirectInputEvents = YES;
				INFOPLIST_KEY_UILaunchStoryboardName = LaunchScreen;
				INFOPLIST_KEY_UIMainStoryboardFile = "";
				INFOPLIST_KEY_UISupportedInterfaceOrientations_iPad = "UIInterfaceOrientationPortrait UIInterfaceOrientationPortraitUpsideDown UIInterfaceOrientationLandscapeLeft UIInterfaceOrientationLandscapeRight";
				INFOPLIST_KEY_UISupportedInterfaceOrientations_iPhone = "UIInterfaceOrientationPortrait UIInterfaceOrientationLandscapeLeft UIInterfaceOrientationLandscapeRight";
				LD_RUNPATH_SEARCH_PATHS = (
					"$(inherited)",
					"@executable_path/Frameworks",
				);
				MARKETING_VERSION = 1.0;
				PRODUCT_BUNDLE_IDENTIFIER = com.devpass.FinanceApp;
				PRODUCT_NAME = "$(TARGET_NAME)";
				SWIFT_EMIT_LOC_STRINGS = YES;
				SWIFT_VERSION = 5.0;
				TARGETED_DEVICE_FAMILY = "1,2";
			};
			name = Release;
		};
		98584A97277E32C60028DBEA /* Debug */ = {
			isa = XCBuildConfiguration;
			buildSettings = {
				ALWAYS_EMBED_SWIFT_STANDARD_LIBRARIES = YES;
				BUNDLE_LOADER = "$(TEST_HOST)";
				CODE_SIGN_STYLE = Automatic;
				CURRENT_PROJECT_VERSION = 1;
				DEVELOPMENT_TEAM = WKN62NB674;
				GENERATE_INFOPLIST_FILE = YES;
				IPHONEOS_DEPLOYMENT_TARGET = 15.2;
				MARKETING_VERSION = 1.0;
				PRODUCT_BUNDLE_IDENTIFIER = com.devpass.FinanceAppTests;
				PRODUCT_NAME = "$(TARGET_NAME)";
				SWIFT_EMIT_LOC_STRINGS = NO;
				SWIFT_VERSION = 5.0;
				TARGETED_DEVICE_FAMILY = "1,2";
				TEST_HOST = "$(BUILT_PRODUCTS_DIR)/FinanceApp.app/FinanceApp";
			};
			name = Debug;
		};
		98584A98277E32C60028DBEA /* Release */ = {
			isa = XCBuildConfiguration;
			buildSettings = {
				ALWAYS_EMBED_SWIFT_STANDARD_LIBRARIES = YES;
				BUNDLE_LOADER = "$(TEST_HOST)";
				CODE_SIGN_STYLE = Automatic;
				CURRENT_PROJECT_VERSION = 1;
				DEVELOPMENT_TEAM = WKN62NB674;
				GENERATE_INFOPLIST_FILE = YES;
				IPHONEOS_DEPLOYMENT_TARGET = 15.2;
				MARKETING_VERSION = 1.0;
				PRODUCT_BUNDLE_IDENTIFIER = com.devpass.FinanceAppTests;
				PRODUCT_NAME = "$(TARGET_NAME)";
				SWIFT_EMIT_LOC_STRINGS = NO;
				SWIFT_VERSION = 5.0;
				TARGETED_DEVICE_FAMILY = "1,2";
				TEST_HOST = "$(BUILT_PRODUCTS_DIR)/FinanceApp.app/FinanceApp";
			};
			name = Release;
		};
		98584A9A277E32C60028DBEA /* Debug */ = {
			isa = XCBuildConfiguration;
			buildSettings = {
				ALWAYS_EMBED_SWIFT_STANDARD_LIBRARIES = YES;
				CODE_SIGN_STYLE = Automatic;
				CURRENT_PROJECT_VERSION = 1;
				DEVELOPMENT_TEAM = 2MTTB3R7M7;
				GENERATE_INFOPLIST_FILE = YES;
				MARKETING_VERSION = 1.0;
				PRODUCT_BUNDLE_IDENTIFIER = com.devpass.FinanceAppUITests;
				PRODUCT_NAME = "$(TARGET_NAME)";
				SWIFT_EMIT_LOC_STRINGS = NO;
				SWIFT_VERSION = 5.0;
				TARGETED_DEVICE_FAMILY = "1,2";
				TEST_TARGET_NAME = FinanceApp;
			};
			name = Debug;
		};
		98584A9B277E32C60028DBEA /* Release */ = {
			isa = XCBuildConfiguration;
			buildSettings = {
				ALWAYS_EMBED_SWIFT_STANDARD_LIBRARIES = YES;
				CODE_SIGN_STYLE = Automatic;
				CURRENT_PROJECT_VERSION = 1;
				DEVELOPMENT_TEAM = 2MTTB3R7M7;
				GENERATE_INFOPLIST_FILE = YES;
				MARKETING_VERSION = 1.0;
				PRODUCT_BUNDLE_IDENTIFIER = com.devpass.FinanceAppUITests;
				PRODUCT_NAME = "$(TARGET_NAME)";
				SWIFT_EMIT_LOC_STRINGS = NO;
				SWIFT_VERSION = 5.0;
				TARGETED_DEVICE_FAMILY = "1,2";
				TEST_TARGET_NAME = FinanceApp;
			};
			name = Release;
		};
/* End XCBuildConfiguration section */

/* Begin XCConfigurationList section */
		98584A64277E32C30028DBEA /* Build configuration list for PBXProject "FinanceApp" */ = {
			isa = XCConfigurationList;
			buildConfigurations = (
				98584A91277E32C60028DBEA /* Debug */,
				98584A92277E32C60028DBEA /* Release */,
			);
			defaultConfigurationIsVisible = 0;
			defaultConfigurationName = Release;
		};
		98584A93277E32C60028DBEA /* Build configuration list for PBXNativeTarget "FinanceApp" */ = {
			isa = XCConfigurationList;
			buildConfigurations = (
				98584A94277E32C60028DBEA /* Debug */,
				98584A95277E32C60028DBEA /* Release */,
			);
			defaultConfigurationIsVisible = 0;
			defaultConfigurationName = Release;
		};
		98584A96277E32C60028DBEA /* Build configuration list for PBXNativeTarget "FinanceAppTests" */ = {
			isa = XCConfigurationList;
			buildConfigurations = (
				98584A97277E32C60028DBEA /* Debug */,
				98584A98277E32C60028DBEA /* Release */,
			);
			defaultConfigurationIsVisible = 0;
			defaultConfigurationName = Release;
		};
		98584A99277E32C60028DBEA /* Build configuration list for PBXNativeTarget "FinanceAppUITests" */ = {
			isa = XCConfigurationList;
			buildConfigurations = (
				98584A9A277E32C60028DBEA /* Debug */,
				98584A9B277E32C60028DBEA /* Release */,
			);
			defaultConfigurationIsVisible = 0;
			defaultConfigurationName = Release;
		};
/* End XCConfigurationList section */
	};
	rootObject = 98584A61277E32C30028DBEA /* Project object */;
}
