// !$*UTF8*$!
{
	archiveVersion = 1;
	classes = {
	};
	objectVersion = 55;
	objects = {

/* Begin PBXBuildFile section */
		B0DDC4D927EA446600CDEA05 /* AppDelegate.swift in Sources */ = {isa = PBXBuildFile; fileRef = B0DDC4D827EA446600CDEA05 /* AppDelegate.swift */; };
		B0DDC4DB27EA446600CDEA05 /* SceneDelegate.swift in Sources */ = {isa = PBXBuildFile; fileRef = B0DDC4DA27EA446600CDEA05 /* SceneDelegate.swift */; };
		B0DDC4DD27EA446600CDEA05 /* ViewController.swift in Sources */ = {isa = PBXBuildFile; fileRef = B0DDC4DC27EA446600CDEA05 /* ViewController.swift */; };
		B0DDC4E027EA446600CDEA05 /* Main.storyboard in Resources */ = {isa = PBXBuildFile; fileRef = B0DDC4DE27EA446600CDEA05 /* Main.storyboard */; };
		B0DDC4E227EA446800CDEA05 /* Assets.xcassets in Resources */ = {isa = PBXBuildFile; fileRef = B0DDC4E127EA446800CDEA05 /* Assets.xcassets */; };
		B0DDC4E527EA446800CDEA05 /* LaunchScreen.storyboard in Resources */ = {isa = PBXBuildFile; fileRef = B0DDC4E327EA446800CDEA05 /* LaunchScreen.storyboard */; };
		B0DDC4F027EA446800CDEA05 /* FinanceAppTests.swift in Sources */ = {isa = PBXBuildFile; fileRef = B0DDC4EF27EA446800CDEA05 /* FinanceAppTests.swift */; };
		B0DDC4FA27EA446800CDEA05 /* FinanceAppUITests.swift in Sources */ = {isa = PBXBuildFile; fileRef = B0DDC4F927EA446800CDEA05 /* FinanceAppUITests.swift */; };
		B0DDC4FC27EA446800CDEA05 /* FinanceAppUITestsLaunchTests.swift in Sources */ = {isa = PBXBuildFile; fileRef = B0DDC4FB27EA446800CDEA05 /* FinanceAppUITestsLaunchTests.swift */; };
		B0DDC51527EA8E4300CDEA05 /* Core.framework in Frameworks */ = {isa = PBXBuildFile; fileRef = B0DDC50D27EA8E4300CDEA05 /* Core.framework */; };
		B0DDC51A27EA8E4300CDEA05 /* CoreTests.swift in Sources */ = {isa = PBXBuildFile; fileRef = B0DDC51927EA8E4300CDEA05 /* CoreTests.swift */; };
		B0DDC51B27EA8E4300CDEA05 /* Core.h in Headers */ = {isa = PBXBuildFile; fileRef = B0DDC50F27EA8E4300CDEA05 /* Core.h */; settings = {ATTRIBUTES = (Public, ); }; };
		B0DDC52327EA8E9100CDEA05 /* HomeServiceTests.swift in Sources */ = {isa = PBXBuildFile; fileRef = B0DDC52227EA8E9100CDEA05 /* HomeServiceTests.swift */; };
		B0DDC52527EAA21700CDEA05 /* HomeService.swift in Sources */ = {isa = PBXBuildFile; fileRef = B0DDC52427EAA21700CDEA05 /* HomeService.swift */; };
		B0DDC52727EAA24600CDEA05 /* HttpClient.swift in Sources */ = {isa = PBXBuildFile; fileRef = B0DDC52627EAA24600CDEA05 /* HttpClient.swift */; };
/* End PBXBuildFile section */

/* Begin PBXContainerItemProxy section */
		B0DDC4EC27EA446800CDEA05 /* PBXContainerItemProxy */ = {
			isa = PBXContainerItemProxy;
			containerPortal = B0DDC4CD27EA446600CDEA05 /* Project object */;
			proxyType = 1;
			remoteGlobalIDString = B0DDC4D427EA446600CDEA05;
			remoteInfo = FinanceApp;
		};
		B0DDC4F627EA446800CDEA05 /* PBXContainerItemProxy */ = {
			isa = PBXContainerItemProxy;
			containerPortal = B0DDC4CD27EA446600CDEA05 /* Project object */;
			proxyType = 1;
			remoteGlobalIDString = B0DDC4D427EA446600CDEA05;
			remoteInfo = FinanceApp;
		};
		B0DDC51627EA8E4300CDEA05 /* PBXContainerItemProxy */ = {
			isa = PBXContainerItemProxy;
			containerPortal = B0DDC4CD27EA446600CDEA05 /* Project object */;
			proxyType = 1;
			remoteGlobalIDString = B0DDC50C27EA8E4300CDEA05;
			remoteInfo = Core;
		};
/* End PBXContainerItemProxy section */

/* Begin PBXFileReference section */
		B0DDC4D527EA446600CDEA05 /* FinanceApp.app */ = {isa = PBXFileReference; explicitFileType = wrapper.application; includeInIndex = 0; path = FinanceApp.app; sourceTree = BUILT_PRODUCTS_DIR; };
		B0DDC4D827EA446600CDEA05 /* AppDelegate.swift */ = {isa = PBXFileReference; lastKnownFileType = sourcecode.swift; path = AppDelegate.swift; sourceTree = "<group>"; };
		B0DDC4DA27EA446600CDEA05 /* SceneDelegate.swift */ = {isa = PBXFileReference; lastKnownFileType = sourcecode.swift; path = SceneDelegate.swift; sourceTree = "<group>"; };
		B0DDC4DC27EA446600CDEA05 /* ViewController.swift */ = {isa = PBXFileReference; lastKnownFileType = sourcecode.swift; path = ViewController.swift; sourceTree = "<group>"; };
		B0DDC4DF27EA446600CDEA05 /* Base */ = {isa = PBXFileReference; lastKnownFileType = file.storyboard; name = Base; path = Base.lproj/Main.storyboard; sourceTree = "<group>"; };
		B0DDC4E127EA446800CDEA05 /* Assets.xcassets */ = {isa = PBXFileReference; lastKnownFileType = folder.assetcatalog; path = Assets.xcassets; sourceTree = "<group>"; };
		B0DDC4E427EA446800CDEA05 /* Base */ = {isa = PBXFileReference; lastKnownFileType = file.storyboard; name = Base; path = Base.lproj/LaunchScreen.storyboard; sourceTree = "<group>"; };
		B0DDC4E627EA446800CDEA05 /* Info.plist */ = {isa = PBXFileReference; lastKnownFileType = text.plist.xml; path = Info.plist; sourceTree = "<group>"; };
		B0DDC4EB27EA446800CDEA05 /* FinanceAppTests.xctest */ = {isa = PBXFileReference; explicitFileType = wrapper.cfbundle; includeInIndex = 0; path = FinanceAppTests.xctest; sourceTree = BUILT_PRODUCTS_DIR; };
		B0DDC4EF27EA446800CDEA05 /* FinanceAppTests.swift */ = {isa = PBXFileReference; lastKnownFileType = sourcecode.swift; path = FinanceAppTests.swift; sourceTree = "<group>"; };
		B0DDC4F527EA446800CDEA05 /* FinanceAppUITests.xctest */ = {isa = PBXFileReference; explicitFileType = wrapper.cfbundle; includeInIndex = 0; path = FinanceAppUITests.xctest; sourceTree = BUILT_PRODUCTS_DIR; };
		B0DDC4F927EA446800CDEA05 /* FinanceAppUITests.swift */ = {isa = PBXFileReference; lastKnownFileType = sourcecode.swift; path = FinanceAppUITests.swift; sourceTree = "<group>"; };
		B0DDC4FB27EA446800CDEA05 /* FinanceAppUITestsLaunchTests.swift */ = {isa = PBXFileReference; lastKnownFileType = sourcecode.swift; path = FinanceAppUITestsLaunchTests.swift; sourceTree = "<group>"; };
		B0DDC50D27EA8E4300CDEA05 /* Core.framework */ = {isa = PBXFileReference; explicitFileType = wrapper.framework; includeInIndex = 0; path = Core.framework; sourceTree = BUILT_PRODUCTS_DIR; };
		B0DDC50F27EA8E4300CDEA05 /* Core.h */ = {isa = PBXFileReference; lastKnownFileType = sourcecode.c.h; path = Core.h; sourceTree = "<group>"; };
		B0DDC51427EA8E4300CDEA05 /* CoreTests.xctest */ = {isa = PBXFileReference; explicitFileType = wrapper.cfbundle; includeInIndex = 0; path = CoreTests.xctest; sourceTree = BUILT_PRODUCTS_DIR; };
		B0DDC51927EA8E4300CDEA05 /* CoreTests.swift */ = {isa = PBXFileReference; lastKnownFileType = sourcecode.swift; path = CoreTests.swift; sourceTree = "<group>"; };
		B0DDC52227EA8E9100CDEA05 /* HomeServiceTests.swift */ = {isa = PBXFileReference; lastKnownFileType = sourcecode.swift; path = HomeServiceTests.swift; sourceTree = "<group>"; };
		B0DDC52427EAA21700CDEA05 /* HomeService.swift */ = {isa = PBXFileReference; lastKnownFileType = sourcecode.swift; path = HomeService.swift; sourceTree = "<group>"; };
		B0DDC52627EAA24600CDEA05 /* HttpClient.swift */ = {isa = PBXFileReference; lastKnownFileType = sourcecode.swift; path = HttpClient.swift; sourceTree = "<group>"; };
/* End PBXFileReference section */

/* Begin PBXFrameworksBuildPhase section */
		B0DDC4D227EA446600CDEA05 /* Frameworks */ = {
			isa = PBXFrameworksBuildPhase;
			buildActionMask = 2147483647;
			files = (
			);
			runOnlyForDeploymentPostprocessing = 0;
		};
		B0DDC4E827EA446800CDEA05 /* Frameworks */ = {
			isa = PBXFrameworksBuildPhase;
			buildActionMask = 2147483647;
			files = (
			);
			runOnlyForDeploymentPostprocessing = 0;
		};
		B0DDC4F227EA446800CDEA05 /* Frameworks */ = {
			isa = PBXFrameworksBuildPhase;
			buildActionMask = 2147483647;
			files = (
			);
			runOnlyForDeploymentPostprocessing = 0;
		};
		B0DDC50A27EA8E4300CDEA05 /* Frameworks */ = {
			isa = PBXFrameworksBuildPhase;
			buildActionMask = 2147483647;
			files = (
			);
			runOnlyForDeploymentPostprocessing = 0;
		};
		B0DDC51127EA8E4300CDEA05 /* Frameworks */ = {
			isa = PBXFrameworksBuildPhase;
			buildActionMask = 2147483647;
			files = (
				B0DDC51527EA8E4300CDEA05 /* Core.framework in Frameworks */,
			);
			runOnlyForDeploymentPostprocessing = 0;
		};
/* End PBXFrameworksBuildPhase section */

/* Begin PBXGroup section */
		B0DDC4CC27EA446600CDEA05 = {
			isa = PBXGroup;
			children = (
				B0DDC4D727EA446600CDEA05 /* FinanceApp */,
				B0DDC4EE27EA446800CDEA05 /* FinanceAppTests */,
				B0DDC4F827EA446800CDEA05 /* FinanceAppUITests */,
				B0DDC50E27EA8E4300CDEA05 /* Core */,
				B0DDC51827EA8E4300CDEA05 /* CoreTests */,
				B0DDC4D627EA446600CDEA05 /* Products */,
			);
			sourceTree = "<group>";
		};
		B0DDC4D627EA446600CDEA05 /* Products */ = {
			isa = PBXGroup;
			children = (
				B0DDC4D527EA446600CDEA05 /* FinanceApp.app */,
				B0DDC4EB27EA446800CDEA05 /* FinanceAppTests.xctest */,
				B0DDC4F527EA446800CDEA05 /* FinanceAppUITests.xctest */,
				B0DDC50D27EA8E4300CDEA05 /* Core.framework */,
				B0DDC51427EA8E4300CDEA05 /* CoreTests.xctest */,
			);
			name = Products;
			sourceTree = "<group>";
		};
		B0DDC4D727EA446600CDEA05 /* FinanceApp */ = {
			isa = PBXGroup;
			children = (
				B0DDC4D827EA446600CDEA05 /* AppDelegate.swift */,
				B0DDC4DA27EA446600CDEA05 /* SceneDelegate.swift */,
				B0DDC4DC27EA446600CDEA05 /* ViewController.swift */,
				B0DDC4DE27EA446600CDEA05 /* Main.storyboard */,
				B0DDC4E127EA446800CDEA05 /* Assets.xcassets */,
				B0DDC4E327EA446800CDEA05 /* LaunchScreen.storyboard */,
				B0DDC4E627EA446800CDEA05 /* Info.plist */,
			);
			path = FinanceApp;
			sourceTree = "<group>";
		};
		B0DDC4EE27EA446800CDEA05 /* FinanceAppTests */ = {
			isa = PBXGroup;
			children = (
				B0DDC4EF27EA446800CDEA05 /* FinanceAppTests.swift */,
			);
			path = FinanceAppTests;
			sourceTree = "<group>";
		};
		B0DDC4F827EA446800CDEA05 /* FinanceAppUITests */ = {
			isa = PBXGroup;
			children = (
				B0DDC4F927EA446800CDEA05 /* FinanceAppUITests.swift */,
				B0DDC4FB27EA446800CDEA05 /* FinanceAppUITestsLaunchTests.swift */,
			);
			path = FinanceAppUITests;
			sourceTree = "<group>";
		};
		B0DDC50E27EA8E4300CDEA05 /* Core */ = {
			isa = PBXGroup;
			children = (
				B0DDC50F27EA8E4300CDEA05 /* Core.h */,
				B0DDC52427EAA21700CDEA05 /* HomeService.swift */,
				B0DDC52627EAA24600CDEA05 /* HttpClient.swift */,
			);
			path = Core;
			sourceTree = "<group>";
		};
		B0DDC51827EA8E4300CDEA05 /* CoreTests */ = {
			isa = PBXGroup;
			children = (
				B0DDC51927EA8E4300CDEA05 /* CoreTests.swift */,
				B0DDC52227EA8E9100CDEA05 /* HomeServiceTests.swift */,
			);
			path = CoreTests;
			sourceTree = "<group>";
		};
/* End PBXGroup section */

/* Begin PBXHeadersBuildPhase section */
		B0DDC50827EA8E4300CDEA05 /* Headers */ = {
			isa = PBXHeadersBuildPhase;
			buildActionMask = 2147483647;
			files = (
				B0DDC51B27EA8E4300CDEA05 /* Core.h in Headers */,
			);
			runOnlyForDeploymentPostprocessing = 0;
		};
/* End PBXHeadersBuildPhase section */

/* Begin PBXNativeTarget section */
		B0DDC4D427EA446600CDEA05 /* FinanceApp */ = {
			isa = PBXNativeTarget;
			buildConfigurationList = B0DDC4FF27EA446800CDEA05 /* Build configuration list for PBXNativeTarget "FinanceApp" */;
			buildPhases = (
				B0DDC4D127EA446600CDEA05 /* Sources */,
				B0DDC4D227EA446600CDEA05 /* Frameworks */,
				B0DDC4D327EA446600CDEA05 /* Resources */,
			);
			buildRules = (
			);
			dependencies = (
			);
			name = FinanceApp;
			productName = FinanceApp;
			productReference = B0DDC4D527EA446600CDEA05 /* FinanceApp.app */;
			productType = "com.apple.product-type.application";
		};
		B0DDC4EA27EA446800CDEA05 /* FinanceAppTests */ = {
			isa = PBXNativeTarget;
			buildConfigurationList = B0DDC50227EA446800CDEA05 /* Build configuration list for PBXNativeTarget "FinanceAppTests" */;
			buildPhases = (
				B0DDC4E727EA446800CDEA05 /* Sources */,
				B0DDC4E827EA446800CDEA05 /* Frameworks */,
				B0DDC4E927EA446800CDEA05 /* Resources */,
			);
			buildRules = (
			);
			dependencies = (
				B0DDC4ED27EA446800CDEA05 /* PBXTargetDependency */,
			);
			name = FinanceAppTests;
			productName = FinanceAppTests;
			productReference = B0DDC4EB27EA446800CDEA05 /* FinanceAppTests.xctest */;
			productType = "com.apple.product-type.bundle.unit-test";
		};
		B0DDC4F427EA446800CDEA05 /* FinanceAppUITests */ = {
			isa = PBXNativeTarget;
			buildConfigurationList = B0DDC50527EA446800CDEA05 /* Build configuration list for PBXNativeTarget "FinanceAppUITests" */;
			buildPhases = (
				B0DDC4F127EA446800CDEA05 /* Sources */,
				B0DDC4F227EA446800CDEA05 /* Frameworks */,
				B0DDC4F327EA446800CDEA05 /* Resources */,
			);
			buildRules = (
			);
			dependencies = (
				B0DDC4F727EA446800CDEA05 /* PBXTargetDependency */,
			);
			name = FinanceAppUITests;
			productName = FinanceAppUITests;
			productReference = B0DDC4F527EA446800CDEA05 /* FinanceAppUITests.xctest */;
			productType = "com.apple.product-type.bundle.ui-testing";
		};
		B0DDC50C27EA8E4300CDEA05 /* Core */ = {
			isa = PBXNativeTarget;
			buildConfigurationList = B0DDC52027EA8E4300CDEA05 /* Build configuration list for PBXNativeTarget "Core" */;
			buildPhases = (
				B0DDC50827EA8E4300CDEA05 /* Headers */,
				B0DDC50927EA8E4300CDEA05 /* Sources */,
				B0DDC50A27EA8E4300CDEA05 /* Frameworks */,
				B0DDC50B27EA8E4300CDEA05 /* Resources */,
			);
			buildRules = (
			);
			dependencies = (
			);
			name = Core;
			productName = Core;
			productReference = B0DDC50D27EA8E4300CDEA05 /* Core.framework */;
			productType = "com.apple.product-type.framework";
		};
		B0DDC51327EA8E4300CDEA05 /* CoreTests */ = {
			isa = PBXNativeTarget;
			buildConfigurationList = B0DDC52127EA8E4300CDEA05 /* Build configuration list for PBXNativeTarget "CoreTests" */;
			buildPhases = (
				B0DDC51027EA8E4300CDEA05 /* Sources */,
				B0DDC51127EA8E4300CDEA05 /* Frameworks */,
				B0DDC51227EA8E4300CDEA05 /* Resources */,
			);
			buildRules = (
			);
			dependencies = (
				B0DDC51727EA8E4300CDEA05 /* PBXTargetDependency */,
			);
			name = CoreTests;
			productName = CoreTests;
			productReference = B0DDC51427EA8E4300CDEA05 /* CoreTests.xctest */;
			productType = "com.apple.product-type.bundle.unit-test";
		};
/* End PBXNativeTarget section */

/* Begin PBXProject section */
		B0DDC4CD27EA446600CDEA05 /* Project object */ = {
			isa = PBXProject;
			attributes = {
				BuildIndependentTargetsInParallel = 1;
				LastSwiftUpdateCheck = 1310;
				LastUpgradeCheck = 1310;
				TargetAttributes = {
					B0DDC4D427EA446600CDEA05 = {
						CreatedOnToolsVersion = 13.1;
					};
					B0DDC4EA27EA446800CDEA05 = {
						CreatedOnToolsVersion = 13.1;
						TestTargetID = B0DDC4D427EA446600CDEA05;
					};
					B0DDC4F427EA446800CDEA05 = {
						CreatedOnToolsVersion = 13.1;
						TestTargetID = B0DDC4D427EA446600CDEA05;
					};
					B0DDC50C27EA8E4300CDEA05 = {
						CreatedOnToolsVersion = 13.1;
						LastSwiftMigration = 1310;
					};
					B0DDC51327EA8E4300CDEA05 = {
						CreatedOnToolsVersion = 13.1;
					};
				};
			};
			buildConfigurationList = B0DDC4D027EA446600CDEA05 /* Build configuration list for PBXProject "FinanceApp" */;
			compatibilityVersion = "Xcode 13.0";
			developmentRegion = en;
			hasScannedForEncodings = 0;
			knownRegions = (
				en,
				Base,
			);
			mainGroup = B0DDC4CC27EA446600CDEA05;
			productRefGroup = B0DDC4D627EA446600CDEA05 /* Products */;
			projectDirPath = "";
			projectRoot = "";
			targets = (
				B0DDC4D427EA446600CDEA05 /* FinanceApp */,
				B0DDC4EA27EA446800CDEA05 /* FinanceAppTests */,
				B0DDC4F427EA446800CDEA05 /* FinanceAppUITests */,
				B0DDC50C27EA8E4300CDEA05 /* Core */,
				B0DDC51327EA8E4300CDEA05 /* CoreTests */,
			);
		};
/* End PBXProject section */

/* Begin PBXResourcesBuildPhase section */
		B0DDC4D327EA446600CDEA05 /* Resources */ = {
			isa = PBXResourcesBuildPhase;
			buildActionMask = 2147483647;
			files = (
				B0DDC4E527EA446800CDEA05 /* LaunchScreen.storyboard in Resources */,
				B0DDC4E227EA446800CDEA05 /* Assets.xcassets in Resources */,
				B0DDC4E027EA446600CDEA05 /* Main.storyboard in Resources */,
			);
			runOnlyForDeploymentPostprocessing = 0;
		};
		B0DDC4E927EA446800CDEA05 /* Resources */ = {
			isa = PBXResourcesBuildPhase;
			buildActionMask = 2147483647;
			files = (
			);
			runOnlyForDeploymentPostprocessing = 0;
		};
		B0DDC4F327EA446800CDEA05 /* Resources */ = {
			isa = PBXResourcesBuildPhase;
			buildActionMask = 2147483647;
			files = (
			);
			runOnlyForDeploymentPostprocessing = 0;
		};
		B0DDC50B27EA8E4300CDEA05 /* Resources */ = {
			isa = PBXResourcesBuildPhase;
			buildActionMask = 2147483647;
			files = (
			);
			runOnlyForDeploymentPostprocessing = 0;
		};
		B0DDC51227EA8E4300CDEA05 /* Resources */ = {
			isa = PBXResourcesBuildPhase;
			buildActionMask = 2147483647;
			files = (
			);
			runOnlyForDeploymentPostprocessing = 0;
		};
/* End PBXResourcesBuildPhase section */

/* Begin PBXSourcesBuildPhase section */
		B0DDC4D127EA446600CDEA05 /* Sources */ = {
			isa = PBXSourcesBuildPhase;
			buildActionMask = 2147483647;
			files = (
				B0DDC4DD27EA446600CDEA05 /* ViewController.swift in Sources */,
				B0DDC4D927EA446600CDEA05 /* AppDelegate.swift in Sources */,
				B0DDC4DB27EA446600CDEA05 /* SceneDelegate.swift in Sources */,
			);
			runOnlyForDeploymentPostprocessing = 0;
		};
		B0DDC4E727EA446800CDEA05 /* Sources */ = {
			isa = PBXSourcesBuildPhase;
			buildActionMask = 2147483647;
			files = (
				B0DDC4F027EA446800CDEA05 /* FinanceAppTests.swift in Sources */,
			);
			runOnlyForDeploymentPostprocessing = 0;
		};
		B0DDC4F127EA446800CDEA05 /* Sources */ = {
			isa = PBXSourcesBuildPhase;
			buildActionMask = 2147483647;
			files = (
				B0DDC4FA27EA446800CDEA05 /* FinanceAppUITests.swift in Sources */,
				B0DDC4FC27EA446800CDEA05 /* FinanceAppUITestsLaunchTests.swift in Sources */,
			);
			runOnlyForDeploymentPostprocessing = 0;
		};
		B0DDC50927EA8E4300CDEA05 /* Sources */ = {
			isa = PBXSourcesBuildPhase;
			buildActionMask = 2147483647;
			files = (
				B0DDC52727EAA24600CDEA05 /* HttpClient.swift in Sources */,
				B0DDC52527EAA21700CDEA05 /* HomeService.swift in Sources */,
			);
			runOnlyForDeploymentPostprocessing = 0;
		};
		B0DDC51027EA8E4300CDEA05 /* Sources */ = {
			isa = PBXSourcesBuildPhase;
			buildActionMask = 2147483647;
			files = (
				B0DDC52327EA8E9100CDEA05 /* HomeServiceTests.swift in Sources */,
				B0DDC51A27EA8E4300CDEA05 /* CoreTests.swift in Sources */,
			);
			runOnlyForDeploymentPostprocessing = 0;
		};
/* End PBXSourcesBuildPhase section */

/* Begin PBXTargetDependency section */
		B0DDC4ED27EA446800CDEA05 /* PBXTargetDependency */ = {
			isa = PBXTargetDependency;
			target = B0DDC4D427EA446600CDEA05 /* FinanceApp */;
			targetProxy = B0DDC4EC27EA446800CDEA05 /* PBXContainerItemProxy */;
		};
		B0DDC4F727EA446800CDEA05 /* PBXTargetDependency */ = {
			isa = PBXTargetDependency;
			target = B0DDC4D427EA446600CDEA05 /* FinanceApp */;
			targetProxy = B0DDC4F627EA446800CDEA05 /* PBXContainerItemProxy */;
		};
		B0DDC51727EA8E4300CDEA05 /* PBXTargetDependency */ = {
			isa = PBXTargetDependency;
			target = B0DDC50C27EA8E4300CDEA05 /* Core */;
			targetProxy = B0DDC51627EA8E4300CDEA05 /* PBXContainerItemProxy */;
		};
/* End PBXTargetDependency section */

/* Begin PBXVariantGroup section */
		B0DDC4DE27EA446600CDEA05 /* Main.storyboard */ = {
			isa = PBXVariantGroup;
			children = (
				B0DDC4DF27EA446600CDEA05 /* Base */,
			);
			name = Main.storyboard;
			sourceTree = "<group>";
		};
		B0DDC4E327EA446800CDEA05 /* LaunchScreen.storyboard */ = {
			isa = PBXVariantGroup;
			children = (
				B0DDC4E427EA446800CDEA05 /* Base */,
			);
			name = LaunchScreen.storyboard;
			sourceTree = "<group>";
		};
/* End PBXVariantGroup section */

/* Begin XCBuildConfiguration section */
		B0DDC4FD27EA446800CDEA05 /* Debug */ = {
			isa = XCBuildConfiguration;
			buildSettings = {
				ALWAYS_SEARCH_USER_PATHS = NO;
				CLANG_ANALYZER_NONNULL = YES;
				CLANG_ANALYZER_NUMBER_OBJECT_CONVERSION = YES_AGGRESSIVE;
				CLANG_CXX_LANGUAGE_STANDARD = "gnu++17";
				CLANG_CXX_LIBRARY = "libc++";
				CLANG_ENABLE_MODULES = YES;
				CLANG_ENABLE_OBJC_ARC = YES;
				CLANG_ENABLE_OBJC_WEAK = YES;
				CLANG_WARN_BLOCK_CAPTURE_AUTORELEASING = YES;
				CLANG_WARN_BOOL_CONVERSION = YES;
				CLANG_WARN_COMMA = YES;
				CLANG_WARN_CONSTANT_CONVERSION = YES;
				CLANG_WARN_DEPRECATED_OBJC_IMPLEMENTATIONS = YES;
				CLANG_WARN_DIRECT_OBJC_ISA_USAGE = YES_ERROR;
				CLANG_WARN_DOCUMENTATION_COMMENTS = YES;
				CLANG_WARN_EMPTY_BODY = YES;
				CLANG_WARN_ENUM_CONVERSION = YES;
				CLANG_WARN_INFINITE_RECURSION = YES;
				CLANG_WARN_INT_CONVERSION = YES;
				CLANG_WARN_NON_LITERAL_NULL_CONVERSION = YES;
				CLANG_WARN_OBJC_IMPLICIT_RETAIN_SELF = YES;
				CLANG_WARN_OBJC_LITERAL_CONVERSION = YES;
				CLANG_WARN_OBJC_ROOT_CLASS = YES_ERROR;
				CLANG_WARN_QUOTED_INCLUDE_IN_FRAMEWORK_HEADER = YES;
				CLANG_WARN_RANGE_LOOP_ANALYSIS = YES;
				CLANG_WARN_STRICT_PROTOTYPES = YES;
				CLANG_WARN_SUSPICIOUS_MOVE = YES;
				CLANG_WARN_UNGUARDED_AVAILABILITY = YES_AGGRESSIVE;
				CLANG_WARN_UNREACHABLE_CODE = YES;
				CLANG_WARN__DUPLICATE_METHOD_MATCH = YES;
				COPY_PHASE_STRIP = NO;
				DEBUG_INFORMATION_FORMAT = dwarf;
				ENABLE_STRICT_OBJC_MSGSEND = YES;
				ENABLE_TESTABILITY = YES;
				GCC_C_LANGUAGE_STANDARD = gnu11;
				GCC_DYNAMIC_NO_PIC = NO;
				GCC_NO_COMMON_BLOCKS = YES;
				GCC_OPTIMIZATION_LEVEL = 0;
				GCC_PREPROCESSOR_DEFINITIONS = (
					"DEBUG=1",
					"$(inherited)",
				);
				GCC_WARN_64_TO_32_BIT_CONVERSION = YES;
				GCC_WARN_ABOUT_RETURN_TYPE = YES_ERROR;
				GCC_WARN_UNDECLARED_SELECTOR = YES;
				GCC_WARN_UNINITIALIZED_AUTOS = YES_AGGRESSIVE;
				GCC_WARN_UNUSED_FUNCTION = YES;
				GCC_WARN_UNUSED_VARIABLE = YES;
				IPHONEOS_DEPLOYMENT_TARGET = 15.0;
				MTL_ENABLE_DEBUG_INFO = INCLUDE_SOURCE;
				MTL_FAST_MATH = YES;
				ONLY_ACTIVE_ARCH = YES;
				SDKROOT = iphoneos;
				SWIFT_ACTIVE_COMPILATION_CONDITIONS = DEBUG;
				SWIFT_OPTIMIZATION_LEVEL = "-Onone";
			};
			name = Debug;
		};
		B0DDC4FE27EA446800CDEA05 /* Release */ = {
			isa = XCBuildConfiguration;
			buildSettings = {
				ALWAYS_SEARCH_USER_PATHS = NO;
				CLANG_ANALYZER_NONNULL = YES;
				CLANG_ANALYZER_NUMBER_OBJECT_CONVERSION = YES_AGGRESSIVE;
				CLANG_CXX_LANGUAGE_STANDARD = "gnu++17";
				CLANG_CXX_LIBRARY = "libc++";
				CLANG_ENABLE_MODULES = YES;
				CLANG_ENABLE_OBJC_ARC = YES;
				CLANG_ENABLE_OBJC_WEAK = YES;
				CLANG_WARN_BLOCK_CAPTURE_AUTORELEASING = YES;
				CLANG_WARN_BOOL_CONVERSION = YES;
				CLANG_WARN_COMMA = YES;
				CLANG_WARN_CONSTANT_CONVERSION = YES;
				CLANG_WARN_DEPRECATED_OBJC_IMPLEMENTATIONS = YES;
				CLANG_WARN_DIRECT_OBJC_ISA_USAGE = YES_ERROR;
				CLANG_WARN_DOCUMENTATION_COMMENTS = YES;
				CLANG_WARN_EMPTY_BODY = YES;
				CLANG_WARN_ENUM_CONVERSION = YES;
				CLANG_WARN_INFINITE_RECURSION = YES;
				CLANG_WARN_INT_CONVERSION = YES;
				CLANG_WARN_NON_LITERAL_NULL_CONVERSION = YES;
				CLANG_WARN_OBJC_IMPLICIT_RETAIN_SELF = YES;
				CLANG_WARN_OBJC_LITERAL_CONVERSION = YES;
				CLANG_WARN_OBJC_ROOT_CLASS = YES_ERROR;
				CLANG_WARN_QUOTED_INCLUDE_IN_FRAMEWORK_HEADER = YES;
				CLANG_WARN_RANGE_LOOP_ANALYSIS = YES;
				CLANG_WARN_STRICT_PROTOTYPES = YES;
				CLANG_WARN_SUSPICIOUS_MOVE = YES;
				CLANG_WARN_UNGUARDED_AVAILABILITY = YES_AGGRESSIVE;
				CLANG_WARN_UNREACHABLE_CODE = YES;
				CLANG_WARN__DUPLICATE_METHOD_MATCH = YES;
				COPY_PHASE_STRIP = NO;
				DEBUG_INFORMATION_FORMAT = "dwarf-with-dsym";
				ENABLE_NS_ASSERTIONS = NO;
				ENABLE_STRICT_OBJC_MSGSEND = YES;
				GCC_C_LANGUAGE_STANDARD = gnu11;
				GCC_NO_COMMON_BLOCKS = YES;
				GCC_WARN_64_TO_32_BIT_CONVERSION = YES;
				GCC_WARN_ABOUT_RETURN_TYPE = YES_ERROR;
				GCC_WARN_UNDECLARED_SELECTOR = YES;
				GCC_WARN_UNINITIALIZED_AUTOS = YES_AGGRESSIVE;
				GCC_WARN_UNUSED_FUNCTION = YES;
				GCC_WARN_UNUSED_VARIABLE = YES;
				IPHONEOS_DEPLOYMENT_TARGET = 15.0;
				MTL_ENABLE_DEBUG_INFO = NO;
				MTL_FAST_MATH = YES;
				SDKROOT = iphoneos;
				SWIFT_COMPILATION_MODE = wholemodule;
				SWIFT_OPTIMIZATION_LEVEL = "-O";
				VALIDATE_PRODUCT = YES;
			};
			name = Release;
		};
		B0DDC50027EA446800CDEA05 /* Debug */ = {
			isa = XCBuildConfiguration;
			buildSettings = {
				ASSETCATALOG_COMPILER_APPICON_NAME = AppIcon;
				ASSETCATALOG_COMPILER_GLOBAL_ACCENT_COLOR_NAME = AccentColor;
				CODE_SIGN_STYLE = Automatic;
				CURRENT_PROJECT_VERSION = 1;
				DEVELOPMENT_TEAM = UKLTGBK58B;
				GENERATE_INFOPLIST_FILE = YES;
				INFOPLIST_FILE = FinanceApp/Info.plist;
				INFOPLIST_KEY_UIApplicationSupportsIndirectInputEvents = YES;
				INFOPLIST_KEY_UILaunchStoryboardName = LaunchScreen;
				INFOPLIST_KEY_UIMainStoryboardFile = Main;
				INFOPLIST_KEY_UISupportedInterfaceOrientations_iPad = "UIInterfaceOrientationPortrait UIInterfaceOrientationPortraitUpsideDown UIInterfaceOrientationLandscapeLeft UIInterfaceOrientationLandscapeRight";
				INFOPLIST_KEY_UISupportedInterfaceOrientations_iPhone = "UIInterfaceOrientationPortrait UIInterfaceOrientationLandscapeLeft UIInterfaceOrientationLandscapeRight";
				LD_RUNPATH_SEARCH_PATHS = (
					"$(inherited)",
					"@executable_path/Frameworks",
				);
				MARKETING_VERSION = 1.0;
				PRODUCT_BUNDLE_IDENTIFIER = br.com.devpass.FinanceApp;
				PRODUCT_NAME = "$(TARGET_NAME)";
				SWIFT_EMIT_LOC_STRINGS = YES;
				SWIFT_VERSION = 5.0;
				TARGETED_DEVICE_FAMILY = "1,2";
			};
			name = Debug;
		};
		B0DDC50127EA446800CDEA05 /* Release */ = {
			isa = XCBuildConfiguration;
			buildSettings = {
				ASSETCATALOG_COMPILER_APPICON_NAME = AppIcon;
				ASSETCATALOG_COMPILER_GLOBAL_ACCENT_COLOR_NAME = AccentColor;
				CODE_SIGN_STYLE = Automatic;
				CURRENT_PROJECT_VERSION = 1;
				DEVELOPMENT_TEAM = UKLTGBK58B;
				GENERATE_INFOPLIST_FILE = YES;
				INFOPLIST_FILE = FinanceApp/Info.plist;
				INFOPLIST_KEY_UIApplicationSupportsIndirectInputEvents = YES;
				INFOPLIST_KEY_UILaunchStoryboardName = LaunchScreen;
				INFOPLIST_KEY_UIMainStoryboardFile = Main;
				INFOPLIST_KEY_UISupportedInterfaceOrientations_iPad = "UIInterfaceOrientationPortrait UIInterfaceOrientationPortraitUpsideDown UIInterfaceOrientationLandscapeLeft UIInterfaceOrientationLandscapeRight";
				INFOPLIST_KEY_UISupportedInterfaceOrientations_iPhone = "UIInterfaceOrientationPortrait UIInterfaceOrientationLandscapeLeft UIInterfaceOrientationLandscapeRight";
				LD_RUNPATH_SEARCH_PATHS = (
					"$(inherited)",
					"@executable_path/Frameworks",
				);
				MARKETING_VERSION = 1.0;
				PRODUCT_BUNDLE_IDENTIFIER = br.com.devpass.FinanceApp;
				PRODUCT_NAME = "$(TARGET_NAME)";
				SWIFT_EMIT_LOC_STRINGS = YES;
				SWIFT_VERSION = 5.0;
				TARGETED_DEVICE_FAMILY = "1,2";
			};
			name = Release;
		};
		B0DDC50327EA446800CDEA05 /* Debug */ = {
			isa = XCBuildConfiguration;
			buildSettings = {
				ALWAYS_EMBED_SWIFT_STANDARD_LIBRARIES = YES;
				BUNDLE_LOADER = "$(TEST_HOST)";
				CODE_SIGN_STYLE = Automatic;
				CURRENT_PROJECT_VERSION = 1;
				DEVELOPMENT_TEAM = UKLTGBK58B;
				GENERATE_INFOPLIST_FILE = YES;
				IPHONEOS_DEPLOYMENT_TARGET = 15.0;
				LD_RUNPATH_SEARCH_PATHS = (
					"$(inherited)",
					"@executable_path/Frameworks",
					"@loader_path/Frameworks",
				);
				MARKETING_VERSION = 1.0;
				PRODUCT_BUNDLE_IDENTIFIER = br.com.devpass.FinanceAppTests;
				PRODUCT_NAME = "$(TARGET_NAME)";
				SWIFT_EMIT_LOC_STRINGS = NO;
				SWIFT_VERSION = 5.0;
				TARGETED_DEVICE_FAMILY = "1,2";
				TEST_HOST = "$(BUILT_PRODUCTS_DIR)/FinanceApp.app/FinanceApp";
			};
			name = Debug;
		};
		B0DDC50427EA446800CDEA05 /* Release */ = {
			isa = XCBuildConfiguration;
			buildSettings = {
				ALWAYS_EMBED_SWIFT_STANDARD_LIBRARIES = YES;
				BUNDLE_LOADER = "$(TEST_HOST)";
				CODE_SIGN_STYLE = Automatic;
				CURRENT_PROJECT_VERSION = 1;
				DEVELOPMENT_TEAM = UKLTGBK58B;
				GENERATE_INFOPLIST_FILE = YES;
				IPHONEOS_DEPLOYMENT_TARGET = 15.0;
				LD_RUNPATH_SEARCH_PATHS = (
					"$(inherited)",
					"@executable_path/Frameworks",
					"@loader_path/Frameworks",
				);
				MARKETING_VERSION = 1.0;
				PRODUCT_BUNDLE_IDENTIFIER = br.com.devpass.FinanceAppTests;
				PRODUCT_NAME = "$(TARGET_NAME)";
				SWIFT_EMIT_LOC_STRINGS = NO;
				SWIFT_VERSION = 5.0;
				TARGETED_DEVICE_FAMILY = "1,2";
				TEST_HOST = "$(BUILT_PRODUCTS_DIR)/FinanceApp.app/FinanceApp";
			};
			name = Release;
		};
		B0DDC50627EA446800CDEA05 /* Debug */ = {
			isa = XCBuildConfiguration;
			buildSettings = {
				ALWAYS_EMBED_SWIFT_STANDARD_LIBRARIES = YES;
				CODE_SIGN_STYLE = Automatic;
				CURRENT_PROJECT_VERSION = 1;
				DEVELOPMENT_TEAM = UKLTGBK58B;
				GENERATE_INFOPLIST_FILE = YES;
				LD_RUNPATH_SEARCH_PATHS = (
					"$(inherited)",
					"@executable_path/Frameworks",
					"@loader_path/Frameworks",
				);
				MARKETING_VERSION = 1.0;
				PRODUCT_BUNDLE_IDENTIFIER = br.com.devpass.FinanceAppUITests;
				PRODUCT_NAME = "$(TARGET_NAME)";
				SWIFT_EMIT_LOC_STRINGS = NO;
				SWIFT_VERSION = 5.0;
				TARGETED_DEVICE_FAMILY = "1,2";
				TEST_TARGET_NAME = FinanceApp;
			};
			name = Debug;
		};
		B0DDC50727EA446800CDEA05 /* Release */ = {
			isa = XCBuildConfiguration;
			buildSettings = {
				ALWAYS_EMBED_SWIFT_STANDARD_LIBRARIES = YES;
				CODE_SIGN_STYLE = Automatic;
				CURRENT_PROJECT_VERSION = 1;
				DEVELOPMENT_TEAM = UKLTGBK58B;
				GENERATE_INFOPLIST_FILE = YES;
				LD_RUNPATH_SEARCH_PATHS = (
					"$(inherited)",
					"@executable_path/Frameworks",
					"@loader_path/Frameworks",
				);
				MARKETING_VERSION = 1.0;
				PRODUCT_BUNDLE_IDENTIFIER = br.com.devpass.FinanceAppUITests;
				PRODUCT_NAME = "$(TARGET_NAME)";
				SWIFT_EMIT_LOC_STRINGS = NO;
				SWIFT_VERSION = 5.0;
				TARGETED_DEVICE_FAMILY = "1,2";
				TEST_TARGET_NAME = FinanceApp;
			};
			name = Release;
		};
		B0DDC51C27EA8E4300CDEA05 /* Debug */ = {
			isa = XCBuildConfiguration;
			buildSettings = {
				CLANG_ENABLE_MODULES = YES;
				CODE_SIGN_STYLE = Automatic;
				COMBINE_HIDPI_IMAGES = YES;
				CURRENT_PROJECT_VERSION = 1;
				DEFINES_MODULE = YES;
				DEVELOPMENT_TEAM = UKLTGBK58B;
				DYLIB_COMPATIBILITY_VERSION = 1;
				DYLIB_CURRENT_VERSION = 1;
				DYLIB_INSTALL_NAME_BASE = "@rpath";
				GENERATE_INFOPLIST_FILE = YES;
				INFOPLIST_KEY_NSHumanReadableCopyright = "";
				INSTALL_PATH = "$(LOCAL_LIBRARY_DIR)/Frameworks";
				LD_RUNPATH_SEARCH_PATHS = (
					"$(inherited)",
					"@executable_path/../Frameworks",
					"@loader_path/Frameworks",
				);
				MACOSX_DEPLOYMENT_TARGET = 12.0;
				MARKETING_VERSION = 1.0;
				PRODUCT_BUNDLE_IDENTIFIER = br.com.devpass.Core;
				PRODUCT_NAME = "$(TARGET_NAME:c99extidentifier)";
				SDKROOT = macosx;
				SKIP_INSTALL = YES;
				SWIFT_EMIT_LOC_STRINGS = YES;
				SWIFT_OPTIMIZATION_LEVEL = "-Onone";
				SWIFT_VERSION = 5.0;
				VERSIONING_SYSTEM = "apple-generic";
				VERSION_INFO_PREFIX = "";
			};
			name = Debug;
		};
		B0DDC51D27EA8E4300CDEA05 /* Release */ = {
			isa = XCBuildConfiguration;
			buildSettings = {
				CLANG_ENABLE_MODULES = YES;
				CODE_SIGN_STYLE = Automatic;
				COMBINE_HIDPI_IMAGES = YES;
				CURRENT_PROJECT_VERSION = 1;
				DEFINES_MODULE = YES;
				DEVELOPMENT_TEAM = UKLTGBK58B;
				DYLIB_COMPATIBILITY_VERSION = 1;
				DYLIB_CURRENT_VERSION = 1;
				DYLIB_INSTALL_NAME_BASE = "@rpath";
				GENERATE_INFOPLIST_FILE = YES;
				INFOPLIST_KEY_NSHumanReadableCopyright = "";
				INSTALL_PATH = "$(LOCAL_LIBRARY_DIR)/Frameworks";
				LD_RUNPATH_SEARCH_PATHS = (
					"$(inherited)",
					"@executable_path/../Frameworks",
					"@loader_path/Frameworks",
				);
				MACOSX_DEPLOYMENT_TARGET = 12.0;
				MARKETING_VERSION = 1.0;
				PRODUCT_BUNDLE_IDENTIFIER = br.com.devpass.Core;
				PRODUCT_NAME = "$(TARGET_NAME:c99extidentifier)";
				SDKROOT = macosx;
				SKIP_INSTALL = YES;
				SWIFT_EMIT_LOC_STRINGS = YES;
				SWIFT_VERSION = 5.0;
				VERSIONING_SYSTEM = "apple-generic";
				VERSION_INFO_PREFIX = "";
			};
			name = Release;
		};
		B0DDC51E27EA8E4300CDEA05 /* Debug */ = {
			isa = XCBuildConfiguration;
			buildSettings = {
				ALWAYS_EMBED_SWIFT_STANDARD_LIBRARIES = YES;
				CODE_SIGN_STYLE = Automatic;
				COMBINE_HIDPI_IMAGES = YES;
				CURRENT_PROJECT_VERSION = 1;
				DEVELOPMENT_TEAM = UKLTGBK58B;
				GENERATE_INFOPLIST_FILE = YES;
				LD_RUNPATH_SEARCH_PATHS = (
					"$(inherited)",
					"@executable_path/../Frameworks",
					"@loader_path/../Frameworks",
				);
				MACOSX_DEPLOYMENT_TARGET = 12.0;
				MARKETING_VERSION = 1.0;
				PRODUCT_BUNDLE_IDENTIFIER = br.com.devpass.CoreTests;
				PRODUCT_NAME = "$(TARGET_NAME)";
				SDKROOT = macosx;
				SWIFT_EMIT_LOC_STRINGS = NO;
				SWIFT_VERSION = 5.0;
			};
			name = Debug;
		};
		B0DDC51F27EA8E4300CDEA05 /* Release */ = {
			isa = XCBuildConfiguration;
			buildSettings = {
				ALWAYS_EMBED_SWIFT_STANDARD_LIBRARIES = YES;
				CODE_SIGN_STYLE = Automatic;
				COMBINE_HIDPI_IMAGES = YES;
				CURRENT_PROJECT_VERSION = 1;
				DEVELOPMENT_TEAM = UKLTGBK58B;
				GENERATE_INFOPLIST_FILE = YES;
				LD_RUNPATH_SEARCH_PATHS = (
					"$(inherited)",
					"@executable_path/../Frameworks",
					"@loader_path/../Frameworks",
				);
				MACOSX_DEPLOYMENT_TARGET = 12.0;
				MARKETING_VERSION = 1.0;
				PRODUCT_BUNDLE_IDENTIFIER = br.com.devpass.CoreTests;
				PRODUCT_NAME = "$(TARGET_NAME)";
				SDKROOT = macosx;
				SWIFT_EMIT_LOC_STRINGS = NO;
				SWIFT_VERSION = 5.0;
			};
			name = Release;
		};
/* End XCBuildConfiguration section */

/* Begin XCConfigurationList section */
		B0DDC4D027EA446600CDEA05 /* Build configuration list for PBXProject "FinanceApp" */ = {
			isa = XCConfigurationList;
			buildConfigurations = (
				B0DDC4FD27EA446800CDEA05 /* Debug */,
				B0DDC4FE27EA446800CDEA05 /* Release */,
			);
			defaultConfigurationIsVisible = 0;
			defaultConfigurationName = Release;
		};
		B0DDC4FF27EA446800CDEA05 /* Build configuration list for PBXNativeTarget "FinanceApp" */ = {
			isa = XCConfigurationList;
			buildConfigurations = (
				B0DDC50027EA446800CDEA05 /* Debug */,
				B0DDC50127EA446800CDEA05 /* Release */,
			);
			defaultConfigurationIsVisible = 0;
			defaultConfigurationName = Release;
		};
		B0DDC50227EA446800CDEA05 /* Build configuration list for PBXNativeTarget "FinanceAppTests" */ = {
			isa = XCConfigurationList;
			buildConfigurations = (
				B0DDC50327EA446800CDEA05 /* Debug */,
				B0DDC50427EA446800CDEA05 /* Release */,
			);
			defaultConfigurationIsVisible = 0;
			defaultConfigurationName = Release;
		};
		B0DDC50527EA446800CDEA05 /* Build configuration list for PBXNativeTarget "FinanceAppUITests" */ = {
			isa = XCConfigurationList;
			buildConfigurations = (
				B0DDC50627EA446800CDEA05 /* Debug */,
				B0DDC50727EA446800CDEA05 /* Release */,
			);
			defaultConfigurationIsVisible = 0;
			defaultConfigurationName = Release;
		};
		B0DDC52027EA8E4300CDEA05 /* Build configuration list for PBXNativeTarget "Core" */ = {
			isa = XCConfigurationList;
			buildConfigurations = (
				B0DDC51C27EA8E4300CDEA05 /* Debug */,
				B0DDC51D27EA8E4300CDEA05 /* Release */,
			);
			defaultConfigurationIsVisible = 0;
			defaultConfigurationName = Release;
		};
		B0DDC52127EA8E4300CDEA05 /* Build configuration list for PBXNativeTarget "CoreTests" */ = {
			isa = XCConfigurationList;
			buildConfigurations = (
				B0DDC51E27EA8E4300CDEA05 /* Debug */,
				B0DDC51F27EA8E4300CDEA05 /* Release */,
			);
			defaultConfigurationIsVisible = 0;
			defaultConfigurationName = Release;
		};
/* End XCConfigurationList section */
	};
	rootObject = B0DDC4CD27EA446600CDEA05 /* Project object */;
}
